
Microsoft Visual Studio Solution File, Format Version 12.00
# Visual Studio Version 17
VisualStudioVersion = 17.0.31903.59
MinimumVisualStudioVersion = 10.0.40219.1
Project("{2150E333-8FDC-42A3-9474-1A3956D46DE8}") = "base", "base", "{3B865427-7F1A-4309-866F-A1ADE2EB547B}"
EndProject
Project("{2150E333-8FDC-42A3-9474-1A3956D46DE8}") = "Annium", "Annium", "{5E2A6F4C-0710-439C-B473-3817C215FD32}"
EndProject
Project("{2150E333-8FDC-42A3-9474-1A3956D46DE8}") = "src", "src", "{F535D68D-608D-4344-8876-F04D12658A38}"
EndProject
Project("{FAE04EC0-301F-11D3-BF4B-00C04F79EFBC}") = "Annium", "base\Annium\src\Annium\Annium.csproj", "{6CC60503-FC94-4BBF-958D-BBCBB26D7B15}"
EndProject
Project("{2150E333-8FDC-42A3-9474-1A3956D46DE8}") = "Architecture", "Architecture", "{2923DC00-D130-4218-A1F5-DC81E2F67014}"
EndProject
Project("{2150E333-8FDC-42A3-9474-1A3956D46DE8}") = "src", "src", "{3A3EC28B-46B0-420A-81B4-8FD4E38B10CB}"
EndProject
Project("{FAE04EC0-301F-11D3-BF4B-00C04F79EFBC}") = "Annium.Architecture.Base", "base\Architecture\src\Annium.Architecture.Base\Annium.Architecture.Base.csproj", "{FE71C5BF-CA0D-474C-BAAA-D45DB5D157BE}"
EndProject
Project("{FAE04EC0-301F-11D3-BF4B-00C04F79EFBC}") = "Annium.Architecture.CQRS", "base\Architecture\src\Annium.Architecture.CQRS\Annium.Architecture.CQRS.csproj", "{93B906B3-9C5B-4DBE-A6AA-873EB063AAC0}"
EndProject
Project("{FAE04EC0-301F-11D3-BF4B-00C04F79EFBC}") = "Annium.Architecture.Http", "base\Architecture\src\Annium.Architecture.Http\Annium.Architecture.Http.csproj", "{9143A7EB-30EB-4522-8E8A-3197B9F6BA27}"
EndProject
Project("{FAE04EC0-301F-11D3-BF4B-00C04F79EFBC}") = "Annium.Architecture.Mediator", "base\Architecture\src\Annium.Architecture.Mediator\Annium.Architecture.Mediator.csproj", "{38F8A89F-F890-48B7-B8EA-067DE2440A18}"
EndProject
Project("{2150E333-8FDC-42A3-9474-1A3956D46DE8}") = "tests", "tests", "{A6774E02-9B73-4EEC-9460-3BACC3E5D3DD}"
EndProject
Project("{FAE04EC0-301F-11D3-BF4B-00C04F79EFBC}") = "Annium.Architecture.Mediator.Tests", "base\Architecture\tests\Annium.Architecture.Mediator.Tests\Annium.Architecture.Mediator.Tests.csproj", "{2E953193-B19B-436F-AF95-89861564D969}"
EndProject
Project("{FAE04EC0-301F-11D3-BF4B-00C04F79EFBC}") = "Annium.Architecture.ViewModel", "base\Architecture\src\Annium.Architecture.ViewModel\Annium.Architecture.ViewModel.csproj", "{735D8578-6CC9-484C-AB18-CF9BE6185040}"
EndProject
Project("{2150E333-8FDC-42A3-9474-1A3956D46DE8}") = "Configuration", "Configuration", "{11836927-B95C-4C8B-865C-8991D24981D7}"
EndProject
Project("{2150E333-8FDC-42A3-9474-1A3956D46DE8}") = "src", "src", "{B376B78E-2BB8-4BCE-ABBA-898D614E7A13}"
EndProject
Project("{FAE04EC0-301F-11D3-BF4B-00C04F79EFBC}") = "Annium.Configuration.Abstractions", "base\Configuration\src\Annium.Configuration.Abstractions\Annium.Configuration.Abstractions.csproj", "{7639DE89-FFA2-4066-915B-5F4C51EE3EED}"
EndProject
Project("{2150E333-8FDC-42A3-9474-1A3956D46DE8}") = "tests", "tests", "{31B2B647-75C9-427F-AE7D-2ABD8B96FE58}"
EndProject
Project("{FAE04EC0-301F-11D3-BF4B-00C04F79EFBC}") = "Annium.Configuration.Abstractions.Tests", "base\Configuration\tests\Annium.Configuration.Abstractions.Tests\Annium.Configuration.Abstractions.Tests.csproj", "{16491A0C-6B8B-4B1E-8ACF-C6CDC3D5D02A}"
EndProject
Project("{FAE04EC0-301F-11D3-BF4B-00C04F79EFBC}") = "Annium.Configuration.CommandLine", "base\Configuration\src\Annium.Configuration.CommandLine\Annium.Configuration.CommandLine.csproj", "{913B1807-897D-4709-B154-632FBD5E5733}"
EndProject
Project("{FAE04EC0-301F-11D3-BF4B-00C04F79EFBC}") = "Annium.Configuration.CommandLine.Tests", "base\Configuration\tests\Annium.Configuration.CommandLine.Tests\Annium.Configuration.CommandLine.Tests.csproj", "{5488DD96-12BA-419B-8935-69A9756966C5}"
EndProject
Project("{FAE04EC0-301F-11D3-BF4B-00C04F79EFBC}") = "Annium.Configuration.Json", "base\Configuration\src\Annium.Configuration.Json\Annium.Configuration.Json.csproj", "{4B208C82-C85E-4B7E-824F-B9F0E265A652}"
EndProject
Project("{FAE04EC0-301F-11D3-BF4B-00C04F79EFBC}") = "Annium.Configuration.Json.Tests", "base\Configuration\tests\Annium.Configuration.Json.Tests\Annium.Configuration.Json.Tests.csproj", "{F6822410-3C84-4F32-9BEB-1466C813253F}"
EndProject
Project("{FAE04EC0-301F-11D3-BF4B-00C04F79EFBC}") = "Annium.Configuration.Tests.Lib", "base\Configuration\tests\Annium.Configuration.Tests.Lib\Annium.Configuration.Tests.Lib.csproj", "{10A3CD0F-F49B-4216-B193-1AD8326E16CA}"
EndProject
Project("{FAE04EC0-301F-11D3-BF4B-00C04F79EFBC}") = "Annium.Configuration.Yaml", "base\Configuration\src\Annium.Configuration.Yaml\Annium.Configuration.Yaml.csproj", "{8FB520C4-BB64-4A67-8806-D9CA57976A78}"
EndProject
Project("{FAE04EC0-301F-11D3-BF4B-00C04F79EFBC}") = "Annium.Configuration.Yaml.Tests", "base\Configuration\tests\Annium.Configuration.Yaml.Tests\Annium.Configuration.Yaml.Tests.csproj", "{5C813472-04E5-4E0E-88D5-9EE9A4183530}"
EndProject
Project("{2150E333-8FDC-42A3-9474-1A3956D46DE8}") = "Core", "Core", "{DBE4F59F-F22B-4E44-B574-6054D3913642}"
EndProject
Project("{2150E333-8FDC-42A3-9474-1A3956D46DE8}") = "src", "src", "{E6B70468-1155-42A1-9205-01F2C55385F9}"
EndProject
Project("{FAE04EC0-301F-11D3-BF4B-00C04F79EFBC}") = "Annium.Core.DependencyInjection", "base\Core\src\Annium.Core.DependencyInjection\Annium.Core.DependencyInjection.csproj", "{2438B56B-B175-4FBC-9763-02F18C4FF865}"
EndProject
Project("{2150E333-8FDC-42A3-9474-1A3956D46DE8}") = "tests", "tests", "{B3844797-FE4E-42FB-A0CC-BC0A101D1CFD}"
EndProject
Project("{FAE04EC0-301F-11D3-BF4B-00C04F79EFBC}") = "Annium.Core.DependencyInjection.Tests", "base\Core\tests\Annium.Core.DependencyInjection.Tests\Annium.Core.DependencyInjection.Tests.csproj", "{8B2319E1-95DF-4563-8458-EE3228A24010}"
EndProject
Project("{FAE04EC0-301F-11D3-BF4B-00C04F79EFBC}") = "Annium.Core.Entrypoint", "base\Core\src\Annium.Core.Entrypoint\Annium.Core.Entrypoint.csproj", "{47EFFB06-8F77-4DE9-AB3E-D80C983F3A76}"
EndProject
Project("{FAE04EC0-301F-11D3-BF4B-00C04F79EFBC}") = "Annium.Core.Mapper", "base\Core\src\Annium.Core.Mapper\Annium.Core.Mapper.csproj", "{A763F8D3-3961-409B-AB4F-007AF8B7030D}"
EndProject
Project("{FAE04EC0-301F-11D3-BF4B-00C04F79EFBC}") = "Annium.Core.Mapper.Tests", "base\Core\tests\Annium.Core.Mapper.Tests\Annium.Core.Mapper.Tests.csproj", "{8154BF0A-F73E-4AD8-8531-0219B4E876D4}"
EndProject
Project("{FAE04EC0-301F-11D3-BF4B-00C04F79EFBC}") = "Annium.Core.Mediator", "base\Core\src\Annium.Core.Mediator\Annium.Core.Mediator.csproj", "{49965C56-F946-4A1E-BB93-04A246C69292}"
EndProject
Project("{FAE04EC0-301F-11D3-BF4B-00C04F79EFBC}") = "Annium.Core.Mediator.Tests", "base\Core\tests\Annium.Core.Mediator.Tests\Annium.Core.Mediator.Tests.csproj", "{94ACE85A-1C65-4485-AD08-B886D9D0D7B7}"
EndProject
Project("{FAE04EC0-301F-11D3-BF4B-00C04F79EFBC}") = "Annium.Core.Runtime", "base\Core\src\Annium.Core.Runtime\Annium.Core.Runtime.csproj", "{EB92C42A-1567-4AE3-A8D8-0BAFCC7E80BB}"
EndProject
Project("{FAE04EC0-301F-11D3-BF4B-00C04F79EFBC}") = "Annium.Core.Runtime.Loader", "base\Core\src\Annium.Core.Runtime.Loader\Annium.Core.Runtime.Loader.csproj", "{2DF6B0F2-9D77-4D39-85BA-67DEB5D6D8EA}"
EndProject
Project("{FAE04EC0-301F-11D3-BF4B-00C04F79EFBC}") = "Annium.Core.Runtime.Tests", "base\Core\tests\Annium.Core.Runtime.Tests\Annium.Core.Runtime.Tests.csproj", "{FF43952C-B6DD-4900-8F00-2452484142DC}"
EndProject
Project("{2150E333-8FDC-42A3-9474-1A3956D46DE8}") = "Data", "Data", "{2503C29D-FA83-4266-8818-A51DA3D874BE}"
EndProject
Project("{2150E333-8FDC-42A3-9474-1A3956D46DE8}") = "src", "src", "{8599B4A6-0C3A-4702-ACCB-9AB81F89AA51}"
EndProject
Project("{FAE04EC0-301F-11D3-BF4B-00C04F79EFBC}") = "Annium.Data.Models", "base\Data\src\Annium.Data.Models\Annium.Data.Models.csproj", "{A18FEF42-6ED8-4935-B032-0F4FAD428F56}"
EndProject
Project("{2150E333-8FDC-42A3-9474-1A3956D46DE8}") = "tests", "tests", "{B7FB5D01-0D00-4C96-82BA-78BAFE7AA3E9}"
EndProject
Project("{FAE04EC0-301F-11D3-BF4B-00C04F79EFBC}") = "Annium.Data.Models.Tests", "base\Data\tests\Annium.Data.Models.Tests\Annium.Data.Models.Tests.csproj", "{5010D578-0764-4111-91C4-2245F473084E}"
EndProject
Project("{FAE04EC0-301F-11D3-BF4B-00C04F79EFBC}") = "Annium.Data.Operations", "base\Data\src\Annium.Data.Operations\Annium.Data.Operations.csproj", "{636CE50D-1F07-4B93-97B0-1EDFF3EE2DB0}"
EndProject
Project("{FAE04EC0-301F-11D3-BF4B-00C04F79EFBC}") = "Annium.Data.Operations.Serialization.Json", "base\Data\src\Annium.Data.Operations.Serialization.Json\Annium.Data.Operations.Serialization.Json.csproj", "{074A39AD-F455-48E9-8347-3BB1B53FCE7C}"
EndProject
Project("{FAE04EC0-301F-11D3-BF4B-00C04F79EFBC}") = "Annium.Data.Operations.Serialization.Json.Tests", "base\Data\tests\Annium.Data.Operations.Serialization.Json.Tests\Annium.Data.Operations.Serialization.Json.Tests.csproj", "{E5F32800-15FD-45FB-8926-32B2C1728A78}"
EndProject
Project("{FAE04EC0-301F-11D3-BF4B-00C04F79EFBC}") = "Annium.Data.Operations.Tests", "base\Data\tests\Annium.Data.Operations.Tests\Annium.Data.Operations.Tests.csproj", "{0132C86B-D98E-4D6D-B22D-D75476CD7234}"
EndProject
Project("{FAE04EC0-301F-11D3-BF4B-00C04F79EFBC}") = "Annium.Data.Tables", "base\Data\src\Annium.Data.Tables\Annium.Data.Tables.csproj", "{05F99191-4259-4DE4-BA5B-F45DEBE3E0FB}"
EndProject
Project("{FAE04EC0-301F-11D3-BF4B-00C04F79EFBC}") = "Annium.Data.Tables.Tests", "base\Data\tests\Annium.Data.Tables.Tests\Annium.Data.Tables.Tests.csproj", "{9442B646-4353-4822-B0A6-8CF209328F3A}"
EndProject
Project("{2150E333-8FDC-42A3-9474-1A3956D46DE8}") = "Extensions", "Extensions", "{7A07C489-A244-4340-A089-E29C3DF5D1A6}"
EndProject
Project("{2150E333-8FDC-42A3-9474-1A3956D46DE8}") = "src", "src", "{E629A6CE-2467-40DD-B967-2C1D2DAEAB88}"
EndProject
Project("{FAE04EC0-301F-11D3-BF4B-00C04F79EFBC}") = "Annium.Extensions.Arguments", "base\Extensions\src\Annium.Extensions.Arguments\Annium.Extensions.Arguments.csproj", "{DCC881B7-4D0A-4E5C-9A0A-5F0930A9FF77}"
EndProject
Project("{FAE04EC0-301F-11D3-BF4B-00C04F79EFBC}") = "Annium.Extensions.CommandLine", "base\Extensions\src\Annium.Extensions.CommandLine\Annium.Extensions.CommandLine.csproj", "{53BE9331-4667-4D92-A963-C3947E417D39}"
EndProject
Project("{FAE04EC0-301F-11D3-BF4B-00C04F79EFBC}") = "Annium.Extensions.Composition", "base\Extensions\src\Annium.Extensions.Composition\Annium.Extensions.Composition.csproj", "{F92599E9-7B55-4870-A02B-5AFE0199D133}"
EndProject
Project("{2150E333-8FDC-42A3-9474-1A3956D46DE8}") = "tests", "tests", "{4C17D0B5-75E9-4216-91EE-845DF8FEA685}"
EndProject
Project("{FAE04EC0-301F-11D3-BF4B-00C04F79EFBC}") = "Annium.Extensions.Composition.Tests", "base\Extensions\tests\Annium.Extensions.Composition.Tests\Annium.Extensions.Composition.Tests.csproj", "{657CE2CC-7F5B-4D07-96E3-21EC5638A6FC}"
EndProject
Project("{FAE04EC0-301F-11D3-BF4B-00C04F79EFBC}") = "Annium.Extensions.Execution", "base\Extensions\src\Annium.Extensions.Execution\Annium.Extensions.Execution.csproj", "{B574D862-A4CE-4035-8C7B-077768FE9AA9}"
EndProject
Project("{FAE04EC0-301F-11D3-BF4B-00C04F79EFBC}") = "Annium.Extensions.Execution.Tests", "base\Extensions\tests\Annium.Extensions.Execution.Tests\Annium.Extensions.Execution.Tests.csproj", "{B3665700-AA66-4E94-89F5-E6169DE205A5}"
EndProject
Project("{FAE04EC0-301F-11D3-BF4B-00C04F79EFBC}") = "Annium.Extensions.Jobs", "base\Extensions\src\Annium.Extensions.Jobs\Annium.Extensions.Jobs.csproj", "{F8830CAB-A3C9-49D8-B927-EE5337E4FB34}"
EndProject
Project("{FAE04EC0-301F-11D3-BF4B-00C04F79EFBC}") = "Annium.Extensions.Jobs.Tests", "base\Extensions\tests\Annium.Extensions.Jobs.Tests\Annium.Extensions.Jobs.Tests.csproj", "{9874D23F-5661-4BC2-A59A-ACAC1DF00273}"
EndProject
Project("{FAE04EC0-301F-11D3-BF4B-00C04F79EFBC}") = "Annium.Extensions.Pooling", "base\Extensions\src\Annium.Extensions.Pooling\Annium.Extensions.Pooling.csproj", "{C9411C67-7B84-4C44-B42E-D5CB772FD8A6}"
EndProject
Project("{FAE04EC0-301F-11D3-BF4B-00C04F79EFBC}") = "Annium.Extensions.Pooling.Tests", "base\Extensions\tests\Annium.Extensions.Pooling.Tests\Annium.Extensions.Pooling.Tests.csproj", "{BC7B7BD4-B92E-4125-B5EB-A54E7C9D577A}"
EndProject
Project("{FAE04EC0-301F-11D3-BF4B-00C04F79EFBC}") = "Annium.Extensions.Reactive", "base\Extensions\src\Annium.Extensions.Reactive\Annium.Extensions.Reactive.csproj", "{0400B1C5-B645-4AFC-96D6-A4AAA1BD4A9A}"
EndProject
Project("{FAE04EC0-301F-11D3-BF4B-00C04F79EFBC}") = "Annium.Extensions.Reactive.Tests", "base\Extensions\tests\Annium.Extensions.Reactive.Tests\Annium.Extensions.Reactive.Tests.csproj", "{B3CCFE64-D009-4EA6-941F-39EEEDFF958E}"
EndProject
Project("{FAE04EC0-301F-11D3-BF4B-00C04F79EFBC}") = "Annium.Extensions.Shell", "base\Extensions\src\Annium.Extensions.Shell\Annium.Extensions.Shell.csproj", "{27747FAD-C436-4715-A537-9FEB4C448414}"
EndProject
Project("{FAE04EC0-301F-11D3-BF4B-00C04F79EFBC}") = "Annium.Extensions.Validation", "base\Extensions\src\Annium.Extensions.Validation\Annium.Extensions.Validation.csproj", "{1D18D551-4603-4824-B052-704037188DE1}"
EndProject
Project("{FAE04EC0-301F-11D3-BF4B-00C04F79EFBC}") = "Annium.Extensions.Validation.Tests", "base\Extensions\tests\Annium.Extensions.Validation.Tests\Annium.Extensions.Validation.Tests.csproj", "{1A40DAB0-89D7-493A-9601-C4B3E3159C3A}"
EndProject
Project("{FAE04EC0-301F-11D3-BF4B-00C04F79EFBC}") = "Annium.Extensions.Workers", "base\Extensions\src\Annium.Extensions.Workers\Annium.Extensions.Workers.csproj", "{B6E3B990-C710-4978-B632-C1AE2072432E}"
EndProject
Project("{FAE04EC0-301F-11D3-BF4B-00C04F79EFBC}") = "Annium.Extensions.Workers.Tests", "base\Extensions\tests\Annium.Extensions.Workers.Tests\Annium.Extensions.Workers.Tests.csproj", "{18AC3A8A-EAEB-4F0D-B63C-98F80201F868}"
EndProject
Project("{2150E333-8FDC-42A3-9474-1A3956D46DE8}") = "Identity", "Identity", "{5A2D32F3-2F3D-4272-832A-AA269AD76602}"
EndProject
Project("{2150E333-8FDC-42A3-9474-1A3956D46DE8}") = "src", "src", "{156E2BEE-F32C-407A-93C7-099F67320783}"
EndProject
Project("{FAE04EC0-301F-11D3-BF4B-00C04F79EFBC}") = "Annium.Identity.Tokens", "base\Identity\src\Annium.Identity.Tokens\Annium.Identity.Tokens.csproj", "{70DC782F-CA0B-4ED8-BDCD-97B93142DD18}"
EndProject
Project("{FAE04EC0-301F-11D3-BF4B-00C04F79EFBC}") = "Annium.Identity.Tokens.Jwt", "base\Identity\src\Annium.Identity.Tokens.Jwt\Annium.Identity.Tokens.Jwt.csproj", "{029AF096-83ED-4317-B01A-0FFEE73382AA}"
EndProject
Project("{2150E333-8FDC-42A3-9474-1A3956D46DE8}") = "tests", "tests", "{73F61F3D-D02F-4A8C-BB5A-7ADF4D4EFE8F}"
EndProject
Project("{FAE04EC0-301F-11D3-BF4B-00C04F79EFBC}") = "Annium.Identity.Tokens.Jwt.Tests", "base\Identity\tests\Annium.Identity.Tokens.Jwt.Tests\Annium.Identity.Tokens.Jwt.Tests.csproj", "{89526BD0-FBD0-4993-A403-06293E8C1CDB}"
EndProject
Project("{FAE04EC0-301F-11D3-BF4B-00C04F79EFBC}") = "Annium.Identity.Tokens.Tests", "base\Identity\tests\Annium.Identity.Tokens.Tests\Annium.Identity.Tokens.Tests.csproj", "{9B27EF91-956D-45EF-B1B4-4E7D18C500A2}"
EndProject
Project("{2150E333-8FDC-42A3-9474-1A3956D46DE8}") = "Localization", "Localization", "{F74304F5-65C8-4EE2-B16D-3E2C506E232A}"
EndProject
Project("{2150E333-8FDC-42A3-9474-1A3956D46DE8}") = "src", "src", "{328697C9-7948-4607-AB2C-DB9067EC765C}"
EndProject
Project("{FAE04EC0-301F-11D3-BF4B-00C04F79EFBC}") = "Annium.Localization.Abstractions", "base\Localization\src\Annium.Localization.Abstractions\Annium.Localization.Abstractions.csproj", "{5A32DF36-FAAD-43E1-876A-2868DD1678FD}"
EndProject
Project("{2150E333-8FDC-42A3-9474-1A3956D46DE8}") = "tests", "tests", "{23D17C7C-F373-49CF-8453-E172F1BA2FAA}"
EndProject
Project("{FAE04EC0-301F-11D3-BF4B-00C04F79EFBC}") = "Annium.Localization.Abstractions.Tests", "base\Localization\tests\Annium.Localization.Abstractions.Tests\Annium.Localization.Abstractions.Tests.csproj", "{53312D5C-3B5A-4381-8869-B62FD3094159}"
EndProject
Project("{FAE04EC0-301F-11D3-BF4B-00C04F79EFBC}") = "Annium.Localization.InMemory", "base\Localization\src\Annium.Localization.InMemory\Annium.Localization.InMemory.csproj", "{4FD4CD13-81B6-4F14-ABBB-0B4207120D33}"
EndProject
Project("{FAE04EC0-301F-11D3-BF4B-00C04F79EFBC}") = "Annium.Localization.InMemory.Tests", "base\Localization\tests\Annium.Localization.InMemory.Tests\Annium.Localization.InMemory.Tests.csproj", "{5126204F-7CE0-47E1-80B0-7E97DE1FDF86}"
EndProject
Project("{FAE04EC0-301F-11D3-BF4B-00C04F79EFBC}") = "Annium.Localization.Yaml", "base\Localization\src\Annium.Localization.Yaml\Annium.Localization.Yaml.csproj", "{20346199-581A-4BAB-941B-4C730E6003A8}"
EndProject
Project("{FAE04EC0-301F-11D3-BF4B-00C04F79EFBC}") = "Annium.Localization.Yaml.Tests", "base\Localization\tests\Annium.Localization.Yaml.Tests\Annium.Localization.Yaml.Tests.csproj", "{46E95E67-3910-48AC-A9D0-7244674550ED}"
EndProject
Project("{2150E333-8FDC-42A3-9474-1A3956D46DE8}") = "Logging", "Logging", "{A85DF038-1C4C-4EC9-AC7B-95F75BCE82E3}"
EndProject
Project("{2150E333-8FDC-42A3-9474-1A3956D46DE8}") = "src", "src", "{811AC9BC-C5C1-483C-B089-673E730181D8}"
EndProject
Project("{FAE04EC0-301F-11D3-BF4B-00C04F79EFBC}") = "Annium.Logging.Console", "base\Logging\src\Annium.Logging.Console\Annium.Logging.Console.csproj", "{2CC9AA70-549F-4E39-932D-613FD498D5D5}"
EndProject
Project("{2150E333-8FDC-42A3-9474-1A3956D46DE8}") = "tests", "tests", "{34375D1B-7634-4FAD-BE28-EDCB5BF234B5}"
EndProject
Project("{FAE04EC0-301F-11D3-BF4B-00C04F79EFBC}") = "Annium.Logging.Console.Tests", "base\Logging\tests\Annium.Logging.Console.Tests\Annium.Logging.Console.Tests.csproj", "{8A1619C7-8E7E-4F08-8FC4-0FA7B0C8BA38}"
EndProject
Project("{FAE04EC0-301F-11D3-BF4B-00C04F79EFBC}") = "Annium.Logging.File", "base\Logging\src\Annium.Logging.File\Annium.Logging.File.csproj", "{EC4A9F79-0C4B-40EA-B966-BF8744F62FE9}"
EndProject
Project("{FAE04EC0-301F-11D3-BF4B-00C04F79EFBC}") = "Annium.Logging.InMemory", "base\Logging\src\Annium.Logging.InMemory\Annium.Logging.InMemory.csproj", "{622C656C-7CB7-4D18-82CE-DA9AD09D5A19}"
EndProject
Project("{FAE04EC0-301F-11D3-BF4B-00C04F79EFBC}") = "Annium.Logging.Microsoft", "base\Logging\src\Annium.Logging.Microsoft\Annium.Logging.Microsoft.csproj", "{1F429BCC-B2FF-4E53-B115-7E5CB559776B}"
EndProject
Project("{FAE04EC0-301F-11D3-BF4B-00C04F79EFBC}") = "Annium.Logging.Seq", "base\Logging\src\Annium.Logging.Seq\Annium.Logging.Seq.csproj", "{3827C7C5-9006-4444-984F-A7434AC1A952}"
EndProject
Project("{FAE04EC0-301F-11D3-BF4B-00C04F79EFBC}") = "Annium.Logging.Shared", "base\Logging\src\Annium.Logging.Shared\Annium.Logging.Shared.csproj", "{F56FBFA7-4164-4B8F-9AA3-A4B4D247AE96}"
EndProject
Project("{FAE04EC0-301F-11D3-BF4B-00C04F79EFBC}") = "Annium.Logging.Shared.Tests", "base\Logging\tests\Annium.Logging.Shared.Tests\Annium.Logging.Shared.Tests.csproj", "{B04F8820-ECCE-4A3E-87ED-299A885887B5}"
EndProject
Project("{FAE04EC0-301F-11D3-BF4B-00C04F79EFBC}") = "Annium.Logging.Xunit", "base\Logging\src\Annium.Logging.Xunit\Annium.Logging.Xunit.csproj", "{50593018-FBB8-4B85-AB9A-C9EA77E2403D}"
EndProject
Project("{2150E333-8FDC-42A3-9474-1A3956D46DE8}") = "Net", "Net", "{C0259BF7-6D73-49A6-9A44-AD2DDB28C11A}"
EndProject
Project("{2150E333-8FDC-42A3-9474-1A3956D46DE8}") = "src", "src", "{2B9EECD8-AC71-4A11-A837-5C53F51CB21D}"
EndProject
Project("{FAE04EC0-301F-11D3-BF4B-00C04F79EFBC}") = "Annium.Net.Base", "base\Net\src\Annium.Net.Base\Annium.Net.Base.csproj", "{4E1C982F-4E1D-42DF-9F65-9130CCD932F4}"
EndProject
Project("{2150E333-8FDC-42A3-9474-1A3956D46DE8}") = "tests", "tests", "{AAA61B61-79B6-4B41-B46A-9A7EF549EE43}"
EndProject
Project("{FAE04EC0-301F-11D3-BF4B-00C04F79EFBC}") = "Annium.Net.Base.Tests", "base\Net\tests\Annium.Net.Base.Tests\Annium.Net.Base.Tests.csproj", "{B436EB59-2C53-4210-A16D-1CB808B40FD5}"
EndProject
Project("{FAE04EC0-301F-11D3-BF4B-00C04F79EFBC}") = "Annium.Net.Http", "base\Net\src\Annium.Net.Http\Annium.Net.Http.csproj", "{24A43872-244D-4136-83E9-09D534305D91}"
EndProject
Project("{FAE04EC0-301F-11D3-BF4B-00C04F79EFBC}") = "Annium.Net.Http.Benchmark", "base\Net\tests\Annium.Net.Http.Benchmark\Annium.Net.Http.Benchmark.csproj", "{14AA8615-966D-44F4-A1D0-1D8929013535}"
EndProject
Project("{FAE04EC0-301F-11D3-BF4B-00C04F79EFBC}") = "Annium.Net.Http.Tests", "base\Net\tests\Annium.Net.Http.Tests\Annium.Net.Http.Tests.csproj", "{F860EEBD-149B-4C99-90BB-F2C0BEBF3358}"
EndProject
Project("{FAE04EC0-301F-11D3-BF4B-00C04F79EFBC}") = "Annium.Net.Mail", "base\Net\src\Annium.Net.Mail\Annium.Net.Mail.csproj", "{0AD30D6D-29C3-462A-9490-D2E3906D9DBE}"
EndProject
Project("{FAE04EC0-301F-11D3-BF4B-00C04F79EFBC}") = "Annium.Net.Servers.Sockets", "base\Net\src\Annium.Net.Servers.Sockets\Annium.Net.Servers.Sockets.csproj", "{36E992AD-17FB-4362-8F72-653570D4EDC1}"
EndProject
Project("{FAE04EC0-301F-11D3-BF4B-00C04F79EFBC}") = "Annium.Net.Servers.Web", "base\Net\src\Annium.Net.Servers.Web\Annium.Net.Servers.Web.csproj", "{E4CD60F2-7936-4112-BF0A-E334D4313B7C}"
EndProject
Project("{FAE04EC0-301F-11D3-BF4B-00C04F79EFBC}") = "Annium.Net.Sockets", "base\Net\src\Annium.Net.Sockets\Annium.Net.Sockets.csproj", "{CA2D8F5C-AB0C-4E65-8C02-AD1CE69BA4CB}"
EndProject
Project("{FAE04EC0-301F-11D3-BF4B-00C04F79EFBC}") = "Annium.Net.Sockets.Tests", "base\Net\tests\Annium.Net.Sockets.Tests\Annium.Net.Sockets.Tests.csproj", "{1CED2B40-82B2-41BF-972D-02B71262045D}"
EndProject
Project("{FAE04EC0-301F-11D3-BF4B-00C04F79EFBC}") = "Annium.Net.Types", "base\Net\src\Annium.Net.Types\Annium.Net.Types.csproj", "{DF71F5D9-2C07-4A4E-92C1-22F91D4B2445}"
EndProject
Project("{FAE04EC0-301F-11D3-BF4B-00C04F79EFBC}") = "Annium.Net.Types.Serialization.Json", "base\Net\src\Annium.Net.Types.Serialization.Json\Annium.Net.Types.Serialization.Json.csproj", "{6C898ED3-EF98-4D35-8181-2817A4AD312E}"
EndProject
Project("{FAE04EC0-301F-11D3-BF4B-00C04F79EFBC}") = "Annium.Net.Types.Serialization.Json.Tests", "base\Net\tests\Annium.Net.Types.Serialization.Json.Tests\Annium.Net.Types.Serialization.Json.Tests.csproj", "{0F50F1E5-9736-4A0F-A0D0-70F23C6EA2A4}"
EndProject
Project("{FAE04EC0-301F-11D3-BF4B-00C04F79EFBC}") = "Annium.Net.Types.Tests", "base\Net\tests\Annium.Net.Types.Tests\Annium.Net.Types.Tests.csproj", "{F2F7CD66-850A-4E51-9367-F1006CD4C55A}"
EndProject
Project("{FAE04EC0-301F-11D3-BF4B-00C04F79EFBC}") = "Annium.Net.Types.Tests.Lib", "base\Net\tests\Annium.Net.Types.Tests.Lib\Annium.Net.Types.Tests.Lib.csproj", "{C5249EFF-95F5-46CC-84D4-6F890ABB4C34}"
EndProject
Project("{FAE04EC0-301F-11D3-BF4B-00C04F79EFBC}") = "Annium.Net.WebSockets", "base\Net\src\Annium.Net.WebSockets\Annium.Net.WebSockets.csproj", "{9CB42916-7618-4384-9607-5A3D270447C8}"
EndProject
Project("{FAE04EC0-301F-11D3-BF4B-00C04F79EFBC}") = "Annium.Net.WebSockets.Benchmark", "base\Net\tests\Annium.Net.WebSockets.Benchmark\Annium.Net.WebSockets.Benchmark.csproj", "{1720AB35-FA1F-4B7A-A1D0-3E6F29150420}"
EndProject
Project("{FAE04EC0-301F-11D3-BF4B-00C04F79EFBC}") = "Annium.Net.WebSockets.Tests", "base\Net\tests\Annium.Net.WebSockets.Tests\Annium.Net.WebSockets.Tests.csproj", "{75F720B4-4410-403C-82CA-AB37C79CD5A4}"
EndProject
Project("{2150E333-8FDC-42A3-9474-1A3956D46DE8}") = "integrations", "integrations", "{409EE72C-F15A-481E-9735-E398AF9480D0}"
EndProject
Project("{2150E333-8FDC-42A3-9474-1A3956D46DE8}") = "NodaTime", "NodaTime", "{75997E8E-B2D3-4305-B6C7-C5445FAE7FAE}"
EndProject
Project("{2150E333-8FDC-42A3-9474-1A3956D46DE8}") = "src", "src", "{2FAAC6B9-3F07-42E0-AA38-E1F1EAB4E534}"
EndProject
Project("{FAE04EC0-301F-11D3-BF4B-00C04F79EFBC}") = "Annium.NodaTime.Extensions", "integrations\NodaTime\src\Annium.NodaTime.Extensions\Annium.NodaTime.Extensions.csproj", "{B791F4A2-8916-4B34-9923-642B569792B0}"
EndProject
Project("{2150E333-8FDC-42A3-9474-1A3956D46DE8}") = "tests", "tests", "{B42FEA31-B926-4118-8F4A-7F25EB772844}"
EndProject
Project("{FAE04EC0-301F-11D3-BF4B-00C04F79EFBC}") = "Annium.NodaTime.Extensions.Tests", "integrations\NodaTime\tests\Annium.NodaTime.Extensions.Tests\Annium.NodaTime.Extensions.Tests.csproj", "{16DEDF0C-EE9D-4194-9EE0-E3BE2A1D349A}"
EndProject
Project("{FAE04EC0-301F-11D3-BF4B-00C04F79EFBC}") = "Annium.NodaTime.Serialization.Json", "integrations\NodaTime\src\Annium.NodaTime.Serialization.Json\Annium.NodaTime.Serialization.Json.csproj", "{796308BD-44F3-414E-AF7E-901B8C3B8977}"
EndProject
Project("{FAE04EC0-301F-11D3-BF4B-00C04F79EFBC}") = "Annium.NodaTime.Serialization.Json.Tests", "integrations\NodaTime\tests\Annium.NodaTime.Serialization.Json.Tests\Annium.NodaTime.Serialization.Json.Tests.csproj", "{1CE9516A-775A-4337-9CA5-270806AE586F}"
EndProject
Project("{2150E333-8FDC-42A3-9474-1A3956D46DE8}") = "Serialization", "Serialization", "{78460092-6296-4AE4-BD89-DA8166F205DC}"
EndProject
Project("{2150E333-8FDC-42A3-9474-1A3956D46DE8}") = "src", "src", "{89C93F36-F2CC-48B9-AB3A-E37B2C2C1150}"
EndProject
Project("{FAE04EC0-301F-11D3-BF4B-00C04F79EFBC}") = "Annium.Serialization.Abstractions", "base\Serialization\src\Annium.Serialization.Abstractions\Annium.Serialization.Abstractions.csproj", "{FF9C3B96-A71E-4292-BC66-79724EC079F6}"
EndProject
Project("{2150E333-8FDC-42A3-9474-1A3956D46DE8}") = "tests", "tests", "{3A7AF976-ACA2-4588-AF04-EB0297334326}"
EndProject
Project("{FAE04EC0-301F-11D3-BF4B-00C04F79EFBC}") = "Annium.Serialization.Abstractions.Tests", "base\Serialization\tests\Annium.Serialization.Abstractions.Tests\Annium.Serialization.Abstractions.Tests.csproj", "{130AC4A5-D522-4BFF-8A71-78607423A559}"
EndProject
Project("{FAE04EC0-301F-11D3-BF4B-00C04F79EFBC}") = "Annium.Serialization.BinaryString", "base\Serialization\src\Annium.Serialization.BinaryString\Annium.Serialization.BinaryString.csproj", "{B98ADCD8-F3D8-48EA-8E42-E8EC5DD31E6F}"
EndProject
Project("{FAE04EC0-301F-11D3-BF4B-00C04F79EFBC}") = "Annium.Serialization.BinaryString.Tests", "base\Serialization\tests\Annium.Serialization.BinaryString.Tests\Annium.Serialization.BinaryString.Tests.csproj", "{C9229AD7-9084-47BF-A858-A114E619F7E8}"
EndProject
Project("{FAE04EC0-301F-11D3-BF4B-00C04F79EFBC}") = "Annium.Serialization.Json", "base\Serialization\src\Annium.Serialization.Json\Annium.Serialization.Json.csproj", "{DFC50851-115B-4AFA-80CA-A4529EF0B797}"
EndProject
Project("{FAE04EC0-301F-11D3-BF4B-00C04F79EFBC}") = "Annium.Serialization.Json.Tests", "base\Serialization\tests\Annium.Serialization.Json.Tests\Annium.Serialization.Json.Tests.csproj", "{C68D901B-37FB-47CC-9DB9-E3277AE029DE}"
EndProject
Project("{FAE04EC0-301F-11D3-BF4B-00C04F79EFBC}") = "Annium.Serialization.MessagePack", "base\Serialization\src\Annium.Serialization.MessagePack\Annium.Serialization.MessagePack.csproj", "{44E566E3-1318-48C6-9257-24FCFB6FDAA1}"
EndProject
Project("{FAE04EC0-301F-11D3-BF4B-00C04F79EFBC}") = "Annium.Serialization.MessagePack.Tests", "base\Serialization\tests\Annium.Serialization.MessagePack.Tests\Annium.Serialization.MessagePack.Tests.csproj", "{70F0105A-5797-4C1C-88CA-276E150FF0D9}"
EndProject
Project("{FAE04EC0-301F-11D3-BF4B-00C04F79EFBC}") = "Annium.Serialization.Yaml", "base\Serialization\src\Annium.Serialization.Yaml\Annium.Serialization.Yaml.csproj", "{21145A84-C22E-45AC-940C-5E001FF99A51}"
EndProject
Project("{FAE04EC0-301F-11D3-BF4B-00C04F79EFBC}") = "Annium.Serialization.Yaml.Tests", "base\Serialization\tests\Annium.Serialization.Yaml.Tests\Annium.Serialization.Yaml.Tests.csproj", "{2EBB378C-08EE-4A43-84EF-43A019135F51}"
EndProject
Project("{FAE04EC0-301F-11D3-BF4B-00C04F79EFBC}") = "Annium.Testing", "base\Annium\src\Annium.Testing\Annium.Testing.csproj", "{AB4F07A2-EDA3-4ED8-AB74-58B541A58B3B}"
EndProject
Project("{2150E333-8FDC-42A3-9474-1A3956D46DE8}") = "tests", "tests", "{9F46DF1F-D019-4A92-B9E5-43CAEBD6B04A}"
EndProject
Project("{FAE04EC0-301F-11D3-BF4B-00C04F79EFBC}") = "Annium.Tests", "base\Annium\tests\Annium.Tests\Annium.Tests.csproj", "{91E51707-F70D-45DD-8EF5-0A3E268DDD3E}"
EndProject
Project("{2150E333-8FDC-42A3-9474-1A3956D46DE8}") = "demo", "demo", "{D62C8675-D919-4063-A77B-EE7737A7C287}"
EndProject
Project("{FAE04EC0-301F-11D3-BF4B-00C04F79EFBC}") = "Demo.Core.Cli", "base\Core\demo\Demo.Core.Cli\Demo.Core.Cli.csproj", "{964A0A7D-015D-4F15-B4B5-4510D9A20C7D}"
EndProject
Project("{FAE04EC0-301F-11D3-BF4B-00C04F79EFBC}") = "Demo.Core.Cli.Lib", "base\Core\demo\Demo.Core.Cli.Lib\Demo.Core.Cli.Lib.csproj", "{A0EACD73-356B-42C6-9C4F-8CB8D40ACB94}"
EndProject
Project("{FAE04EC0-301F-11D3-BF4B-00C04F79EFBC}") = "Demo.Core.Cli.PluginHello", "base\Core\demo\Demo.Core.Cli.PluginHello\Demo.Core.Cli.PluginHello.csproj", "{E1B780D9-0C41-4770-9C59-4DAF2BB0FEB9}"
EndProject
Project("{2150E333-8FDC-42A3-9474-1A3956D46DE8}") = "demo", "demo", "{5DD6E33B-9857-4905-9637-A4E3FA7D8E49}"
EndProject
Project("{FAE04EC0-301F-11D3-BF4B-00C04F79EFBC}") = "Demo.Logging", "base\Logging\demo\Demo.Logging\Demo.Logging.csproj", "{3C3D2CC9-3342-4A12-8C21-D277934971B6}"
EndProject
Global
	GlobalSection(SolutionConfigurationPlatforms) = preSolution
		Debug|Any CPU = Debug|Any CPU
		Release|Any CPU = Release|Any CPU
	EndGlobalSection
	GlobalSection(SolutionProperties) = preSolution
		HideSolutionNode = FALSE
	EndGlobalSection
	GlobalSection(ProjectConfigurationPlatforms) = postSolution
		{6CC60503-FC94-4BBF-958D-BBCBB26D7B15}.Debug|Any CPU.ActiveCfg = Debug|Any CPU
		{6CC60503-FC94-4BBF-958D-BBCBB26D7B15}.Debug|Any CPU.Build.0 = Debug|Any CPU
		{6CC60503-FC94-4BBF-958D-BBCBB26D7B15}.Release|Any CPU.ActiveCfg = Release|Any CPU
		{6CC60503-FC94-4BBF-958D-BBCBB26D7B15}.Release|Any CPU.Build.0 = Release|Any CPU
		{FE71C5BF-CA0D-474C-BAAA-D45DB5D157BE}.Debug|Any CPU.ActiveCfg = Debug|Any CPU
		{FE71C5BF-CA0D-474C-BAAA-D45DB5D157BE}.Debug|Any CPU.Build.0 = Debug|Any CPU
		{FE71C5BF-CA0D-474C-BAAA-D45DB5D157BE}.Release|Any CPU.ActiveCfg = Release|Any CPU
		{FE71C5BF-CA0D-474C-BAAA-D45DB5D157BE}.Release|Any CPU.Build.0 = Release|Any CPU
		{93B906B3-9C5B-4DBE-A6AA-873EB063AAC0}.Debug|Any CPU.ActiveCfg = Debug|Any CPU
		{93B906B3-9C5B-4DBE-A6AA-873EB063AAC0}.Debug|Any CPU.Build.0 = Debug|Any CPU
		{93B906B3-9C5B-4DBE-A6AA-873EB063AAC0}.Release|Any CPU.ActiveCfg = Release|Any CPU
		{93B906B3-9C5B-4DBE-A6AA-873EB063AAC0}.Release|Any CPU.Build.0 = Release|Any CPU
		{9143A7EB-30EB-4522-8E8A-3197B9F6BA27}.Debug|Any CPU.ActiveCfg = Debug|Any CPU
		{9143A7EB-30EB-4522-8E8A-3197B9F6BA27}.Debug|Any CPU.Build.0 = Debug|Any CPU
		{9143A7EB-30EB-4522-8E8A-3197B9F6BA27}.Release|Any CPU.ActiveCfg = Release|Any CPU
		{9143A7EB-30EB-4522-8E8A-3197B9F6BA27}.Release|Any CPU.Build.0 = Release|Any CPU
		{38F8A89F-F890-48B7-B8EA-067DE2440A18}.Debug|Any CPU.ActiveCfg = Debug|Any CPU
		{38F8A89F-F890-48B7-B8EA-067DE2440A18}.Debug|Any CPU.Build.0 = Debug|Any CPU
		{38F8A89F-F890-48B7-B8EA-067DE2440A18}.Release|Any CPU.ActiveCfg = Release|Any CPU
		{38F8A89F-F890-48B7-B8EA-067DE2440A18}.Release|Any CPU.Build.0 = Release|Any CPU
		{2E953193-B19B-436F-AF95-89861564D969}.Debug|Any CPU.ActiveCfg = Debug|Any CPU
		{2E953193-B19B-436F-AF95-89861564D969}.Debug|Any CPU.Build.0 = Debug|Any CPU
		{2E953193-B19B-436F-AF95-89861564D969}.Release|Any CPU.ActiveCfg = Release|Any CPU
		{2E953193-B19B-436F-AF95-89861564D969}.Release|Any CPU.Build.0 = Release|Any CPU
		{735D8578-6CC9-484C-AB18-CF9BE6185040}.Debug|Any CPU.ActiveCfg = Debug|Any CPU
		{735D8578-6CC9-484C-AB18-CF9BE6185040}.Debug|Any CPU.Build.0 = Debug|Any CPU
		{735D8578-6CC9-484C-AB18-CF9BE6185040}.Release|Any CPU.ActiveCfg = Release|Any CPU
		{735D8578-6CC9-484C-AB18-CF9BE6185040}.Release|Any CPU.Build.0 = Release|Any CPU
		{7639DE89-FFA2-4066-915B-5F4C51EE3EED}.Debug|Any CPU.ActiveCfg = Debug|Any CPU
		{7639DE89-FFA2-4066-915B-5F4C51EE3EED}.Debug|Any CPU.Build.0 = Debug|Any CPU
		{7639DE89-FFA2-4066-915B-5F4C51EE3EED}.Release|Any CPU.ActiveCfg = Release|Any CPU
		{7639DE89-FFA2-4066-915B-5F4C51EE3EED}.Release|Any CPU.Build.0 = Release|Any CPU
		{16491A0C-6B8B-4B1E-8ACF-C6CDC3D5D02A}.Debug|Any CPU.ActiveCfg = Debug|Any CPU
		{16491A0C-6B8B-4B1E-8ACF-C6CDC3D5D02A}.Debug|Any CPU.Build.0 = Debug|Any CPU
		{16491A0C-6B8B-4B1E-8ACF-C6CDC3D5D02A}.Release|Any CPU.ActiveCfg = Release|Any CPU
		{16491A0C-6B8B-4B1E-8ACF-C6CDC3D5D02A}.Release|Any CPU.Build.0 = Release|Any CPU
		{913B1807-897D-4709-B154-632FBD5E5733}.Debug|Any CPU.ActiveCfg = Debug|Any CPU
		{913B1807-897D-4709-B154-632FBD5E5733}.Debug|Any CPU.Build.0 = Debug|Any CPU
		{913B1807-897D-4709-B154-632FBD5E5733}.Release|Any CPU.ActiveCfg = Release|Any CPU
		{913B1807-897D-4709-B154-632FBD5E5733}.Release|Any CPU.Build.0 = Release|Any CPU
		{5488DD96-12BA-419B-8935-69A9756966C5}.Debug|Any CPU.ActiveCfg = Debug|Any CPU
		{5488DD96-12BA-419B-8935-69A9756966C5}.Debug|Any CPU.Build.0 = Debug|Any CPU
		{5488DD96-12BA-419B-8935-69A9756966C5}.Release|Any CPU.ActiveCfg = Release|Any CPU
		{5488DD96-12BA-419B-8935-69A9756966C5}.Release|Any CPU.Build.0 = Release|Any CPU
		{4B208C82-C85E-4B7E-824F-B9F0E265A652}.Debug|Any CPU.ActiveCfg = Debug|Any CPU
		{4B208C82-C85E-4B7E-824F-B9F0E265A652}.Debug|Any CPU.Build.0 = Debug|Any CPU
		{4B208C82-C85E-4B7E-824F-B9F0E265A652}.Release|Any CPU.ActiveCfg = Release|Any CPU
		{4B208C82-C85E-4B7E-824F-B9F0E265A652}.Release|Any CPU.Build.0 = Release|Any CPU
		{F6822410-3C84-4F32-9BEB-1466C813253F}.Debug|Any CPU.ActiveCfg = Debug|Any CPU
		{F6822410-3C84-4F32-9BEB-1466C813253F}.Debug|Any CPU.Build.0 = Debug|Any CPU
		{F6822410-3C84-4F32-9BEB-1466C813253F}.Release|Any CPU.ActiveCfg = Release|Any CPU
		{F6822410-3C84-4F32-9BEB-1466C813253F}.Release|Any CPU.Build.0 = Release|Any CPU
		{10A3CD0F-F49B-4216-B193-1AD8326E16CA}.Debug|Any CPU.ActiveCfg = Debug|Any CPU
		{10A3CD0F-F49B-4216-B193-1AD8326E16CA}.Debug|Any CPU.Build.0 = Debug|Any CPU
		{10A3CD0F-F49B-4216-B193-1AD8326E16CA}.Release|Any CPU.ActiveCfg = Release|Any CPU
		{10A3CD0F-F49B-4216-B193-1AD8326E16CA}.Release|Any CPU.Build.0 = Release|Any CPU
		{8FB520C4-BB64-4A67-8806-D9CA57976A78}.Debug|Any CPU.ActiveCfg = Debug|Any CPU
		{8FB520C4-BB64-4A67-8806-D9CA57976A78}.Debug|Any CPU.Build.0 = Debug|Any CPU
		{8FB520C4-BB64-4A67-8806-D9CA57976A78}.Release|Any CPU.ActiveCfg = Release|Any CPU
		{8FB520C4-BB64-4A67-8806-D9CA57976A78}.Release|Any CPU.Build.0 = Release|Any CPU
		{5C813472-04E5-4E0E-88D5-9EE9A4183530}.Debug|Any CPU.ActiveCfg = Debug|Any CPU
		{5C813472-04E5-4E0E-88D5-9EE9A4183530}.Debug|Any CPU.Build.0 = Debug|Any CPU
		{5C813472-04E5-4E0E-88D5-9EE9A4183530}.Release|Any CPU.ActiveCfg = Release|Any CPU
		{5C813472-04E5-4E0E-88D5-9EE9A4183530}.Release|Any CPU.Build.0 = Release|Any CPU
		{2438B56B-B175-4FBC-9763-02F18C4FF865}.Debug|Any CPU.ActiveCfg = Debug|Any CPU
		{2438B56B-B175-4FBC-9763-02F18C4FF865}.Debug|Any CPU.Build.0 = Debug|Any CPU
		{2438B56B-B175-4FBC-9763-02F18C4FF865}.Release|Any CPU.ActiveCfg = Release|Any CPU
		{2438B56B-B175-4FBC-9763-02F18C4FF865}.Release|Any CPU.Build.0 = Release|Any CPU
		{8B2319E1-95DF-4563-8458-EE3228A24010}.Debug|Any CPU.ActiveCfg = Debug|Any CPU
		{8B2319E1-95DF-4563-8458-EE3228A24010}.Debug|Any CPU.Build.0 = Debug|Any CPU
		{8B2319E1-95DF-4563-8458-EE3228A24010}.Release|Any CPU.ActiveCfg = Release|Any CPU
		{8B2319E1-95DF-4563-8458-EE3228A24010}.Release|Any CPU.Build.0 = Release|Any CPU
		{47EFFB06-8F77-4DE9-AB3E-D80C983F3A76}.Debug|Any CPU.ActiveCfg = Debug|Any CPU
		{47EFFB06-8F77-4DE9-AB3E-D80C983F3A76}.Debug|Any CPU.Build.0 = Debug|Any CPU
		{47EFFB06-8F77-4DE9-AB3E-D80C983F3A76}.Release|Any CPU.ActiveCfg = Release|Any CPU
		{47EFFB06-8F77-4DE9-AB3E-D80C983F3A76}.Release|Any CPU.Build.0 = Release|Any CPU
		{A763F8D3-3961-409B-AB4F-007AF8B7030D}.Debug|Any CPU.ActiveCfg = Debug|Any CPU
		{A763F8D3-3961-409B-AB4F-007AF8B7030D}.Debug|Any CPU.Build.0 = Debug|Any CPU
		{A763F8D3-3961-409B-AB4F-007AF8B7030D}.Release|Any CPU.ActiveCfg = Release|Any CPU
		{A763F8D3-3961-409B-AB4F-007AF8B7030D}.Release|Any CPU.Build.0 = Release|Any CPU
		{8154BF0A-F73E-4AD8-8531-0219B4E876D4}.Debug|Any CPU.ActiveCfg = Debug|Any CPU
		{8154BF0A-F73E-4AD8-8531-0219B4E876D4}.Debug|Any CPU.Build.0 = Debug|Any CPU
		{8154BF0A-F73E-4AD8-8531-0219B4E876D4}.Release|Any CPU.ActiveCfg = Release|Any CPU
		{8154BF0A-F73E-4AD8-8531-0219B4E876D4}.Release|Any CPU.Build.0 = Release|Any CPU
		{49965C56-F946-4A1E-BB93-04A246C69292}.Debug|Any CPU.ActiveCfg = Debug|Any CPU
		{49965C56-F946-4A1E-BB93-04A246C69292}.Debug|Any CPU.Build.0 = Debug|Any CPU
		{49965C56-F946-4A1E-BB93-04A246C69292}.Release|Any CPU.ActiveCfg = Release|Any CPU
		{49965C56-F946-4A1E-BB93-04A246C69292}.Release|Any CPU.Build.0 = Release|Any CPU
		{94ACE85A-1C65-4485-AD08-B886D9D0D7B7}.Debug|Any CPU.ActiveCfg = Debug|Any CPU
		{94ACE85A-1C65-4485-AD08-B886D9D0D7B7}.Debug|Any CPU.Build.0 = Debug|Any CPU
		{94ACE85A-1C65-4485-AD08-B886D9D0D7B7}.Release|Any CPU.ActiveCfg = Release|Any CPU
		{94ACE85A-1C65-4485-AD08-B886D9D0D7B7}.Release|Any CPU.Build.0 = Release|Any CPU
		{EB92C42A-1567-4AE3-A8D8-0BAFCC7E80BB}.Debug|Any CPU.ActiveCfg = Debug|Any CPU
		{EB92C42A-1567-4AE3-A8D8-0BAFCC7E80BB}.Debug|Any CPU.Build.0 = Debug|Any CPU
		{EB92C42A-1567-4AE3-A8D8-0BAFCC7E80BB}.Release|Any CPU.ActiveCfg = Release|Any CPU
		{EB92C42A-1567-4AE3-A8D8-0BAFCC7E80BB}.Release|Any CPU.Build.0 = Release|Any CPU
		{2DF6B0F2-9D77-4D39-85BA-67DEB5D6D8EA}.Debug|Any CPU.ActiveCfg = Debug|Any CPU
		{2DF6B0F2-9D77-4D39-85BA-67DEB5D6D8EA}.Debug|Any CPU.Build.0 = Debug|Any CPU
		{2DF6B0F2-9D77-4D39-85BA-67DEB5D6D8EA}.Release|Any CPU.ActiveCfg = Release|Any CPU
		{2DF6B0F2-9D77-4D39-85BA-67DEB5D6D8EA}.Release|Any CPU.Build.0 = Release|Any CPU
		{FF43952C-B6DD-4900-8F00-2452484142DC}.Debug|Any CPU.ActiveCfg = Debug|Any CPU
		{FF43952C-B6DD-4900-8F00-2452484142DC}.Debug|Any CPU.Build.0 = Debug|Any CPU
		{FF43952C-B6DD-4900-8F00-2452484142DC}.Release|Any CPU.ActiveCfg = Release|Any CPU
		{FF43952C-B6DD-4900-8F00-2452484142DC}.Release|Any CPU.Build.0 = Release|Any CPU
		{A18FEF42-6ED8-4935-B032-0F4FAD428F56}.Debug|Any CPU.ActiveCfg = Debug|Any CPU
		{A18FEF42-6ED8-4935-B032-0F4FAD428F56}.Debug|Any CPU.Build.0 = Debug|Any CPU
		{A18FEF42-6ED8-4935-B032-0F4FAD428F56}.Release|Any CPU.ActiveCfg = Release|Any CPU
		{A18FEF42-6ED8-4935-B032-0F4FAD428F56}.Release|Any CPU.Build.0 = Release|Any CPU
		{5010D578-0764-4111-91C4-2245F473084E}.Debug|Any CPU.ActiveCfg = Debug|Any CPU
		{5010D578-0764-4111-91C4-2245F473084E}.Debug|Any CPU.Build.0 = Debug|Any CPU
		{5010D578-0764-4111-91C4-2245F473084E}.Release|Any CPU.ActiveCfg = Release|Any CPU
		{5010D578-0764-4111-91C4-2245F473084E}.Release|Any CPU.Build.0 = Release|Any CPU
		{636CE50D-1F07-4B93-97B0-1EDFF3EE2DB0}.Debug|Any CPU.ActiveCfg = Debug|Any CPU
		{636CE50D-1F07-4B93-97B0-1EDFF3EE2DB0}.Debug|Any CPU.Build.0 = Debug|Any CPU
		{636CE50D-1F07-4B93-97B0-1EDFF3EE2DB0}.Release|Any CPU.ActiveCfg = Release|Any CPU
		{636CE50D-1F07-4B93-97B0-1EDFF3EE2DB0}.Release|Any CPU.Build.0 = Release|Any CPU
		{074A39AD-F455-48E9-8347-3BB1B53FCE7C}.Debug|Any CPU.ActiveCfg = Debug|Any CPU
		{074A39AD-F455-48E9-8347-3BB1B53FCE7C}.Debug|Any CPU.Build.0 = Debug|Any CPU
		{074A39AD-F455-48E9-8347-3BB1B53FCE7C}.Release|Any CPU.ActiveCfg = Release|Any CPU
		{074A39AD-F455-48E9-8347-3BB1B53FCE7C}.Release|Any CPU.Build.0 = Release|Any CPU
		{E5F32800-15FD-45FB-8926-32B2C1728A78}.Debug|Any CPU.ActiveCfg = Debug|Any CPU
		{E5F32800-15FD-45FB-8926-32B2C1728A78}.Debug|Any CPU.Build.0 = Debug|Any CPU
		{E5F32800-15FD-45FB-8926-32B2C1728A78}.Release|Any CPU.ActiveCfg = Release|Any CPU
		{E5F32800-15FD-45FB-8926-32B2C1728A78}.Release|Any CPU.Build.0 = Release|Any CPU
		{0132C86B-D98E-4D6D-B22D-D75476CD7234}.Debug|Any CPU.ActiveCfg = Debug|Any CPU
		{0132C86B-D98E-4D6D-B22D-D75476CD7234}.Debug|Any CPU.Build.0 = Debug|Any CPU
		{0132C86B-D98E-4D6D-B22D-D75476CD7234}.Release|Any CPU.ActiveCfg = Release|Any CPU
		{0132C86B-D98E-4D6D-B22D-D75476CD7234}.Release|Any CPU.Build.0 = Release|Any CPU
		{05F99191-4259-4DE4-BA5B-F45DEBE3E0FB}.Debug|Any CPU.ActiveCfg = Debug|Any CPU
		{05F99191-4259-4DE4-BA5B-F45DEBE3E0FB}.Debug|Any CPU.Build.0 = Debug|Any CPU
		{05F99191-4259-4DE4-BA5B-F45DEBE3E0FB}.Release|Any CPU.ActiveCfg = Release|Any CPU
		{05F99191-4259-4DE4-BA5B-F45DEBE3E0FB}.Release|Any CPU.Build.0 = Release|Any CPU
		{9442B646-4353-4822-B0A6-8CF209328F3A}.Debug|Any CPU.ActiveCfg = Debug|Any CPU
		{9442B646-4353-4822-B0A6-8CF209328F3A}.Debug|Any CPU.Build.0 = Debug|Any CPU
		{9442B646-4353-4822-B0A6-8CF209328F3A}.Release|Any CPU.ActiveCfg = Release|Any CPU
		{9442B646-4353-4822-B0A6-8CF209328F3A}.Release|Any CPU.Build.0 = Release|Any CPU
		{DCC881B7-4D0A-4E5C-9A0A-5F0930A9FF77}.Debug|Any CPU.ActiveCfg = Debug|Any CPU
		{DCC881B7-4D0A-4E5C-9A0A-5F0930A9FF77}.Debug|Any CPU.Build.0 = Debug|Any CPU
		{DCC881B7-4D0A-4E5C-9A0A-5F0930A9FF77}.Release|Any CPU.ActiveCfg = Release|Any CPU
		{DCC881B7-4D0A-4E5C-9A0A-5F0930A9FF77}.Release|Any CPU.Build.0 = Release|Any CPU
		{53BE9331-4667-4D92-A963-C3947E417D39}.Debug|Any CPU.ActiveCfg = Debug|Any CPU
		{53BE9331-4667-4D92-A963-C3947E417D39}.Debug|Any CPU.Build.0 = Debug|Any CPU
		{53BE9331-4667-4D92-A963-C3947E417D39}.Release|Any CPU.ActiveCfg = Release|Any CPU
		{53BE9331-4667-4D92-A963-C3947E417D39}.Release|Any CPU.Build.0 = Release|Any CPU
		{F92599E9-7B55-4870-A02B-5AFE0199D133}.Debug|Any CPU.ActiveCfg = Debug|Any CPU
		{F92599E9-7B55-4870-A02B-5AFE0199D133}.Debug|Any CPU.Build.0 = Debug|Any CPU
		{F92599E9-7B55-4870-A02B-5AFE0199D133}.Release|Any CPU.ActiveCfg = Release|Any CPU
		{F92599E9-7B55-4870-A02B-5AFE0199D133}.Release|Any CPU.Build.0 = Release|Any CPU
		{657CE2CC-7F5B-4D07-96E3-21EC5638A6FC}.Debug|Any CPU.ActiveCfg = Debug|Any CPU
		{657CE2CC-7F5B-4D07-96E3-21EC5638A6FC}.Debug|Any CPU.Build.0 = Debug|Any CPU
		{657CE2CC-7F5B-4D07-96E3-21EC5638A6FC}.Release|Any CPU.ActiveCfg = Release|Any CPU
		{657CE2CC-7F5B-4D07-96E3-21EC5638A6FC}.Release|Any CPU.Build.0 = Release|Any CPU
		{B574D862-A4CE-4035-8C7B-077768FE9AA9}.Debug|Any CPU.ActiveCfg = Debug|Any CPU
		{B574D862-A4CE-4035-8C7B-077768FE9AA9}.Debug|Any CPU.Build.0 = Debug|Any CPU
		{B574D862-A4CE-4035-8C7B-077768FE9AA9}.Release|Any CPU.ActiveCfg = Release|Any CPU
		{B574D862-A4CE-4035-8C7B-077768FE9AA9}.Release|Any CPU.Build.0 = Release|Any CPU
		{B3665700-AA66-4E94-89F5-E6169DE205A5}.Debug|Any CPU.ActiveCfg = Debug|Any CPU
		{B3665700-AA66-4E94-89F5-E6169DE205A5}.Debug|Any CPU.Build.0 = Debug|Any CPU
		{B3665700-AA66-4E94-89F5-E6169DE205A5}.Release|Any CPU.ActiveCfg = Release|Any CPU
		{B3665700-AA66-4E94-89F5-E6169DE205A5}.Release|Any CPU.Build.0 = Release|Any CPU
		{F8830CAB-A3C9-49D8-B927-EE5337E4FB34}.Debug|Any CPU.ActiveCfg = Debug|Any CPU
		{F8830CAB-A3C9-49D8-B927-EE5337E4FB34}.Debug|Any CPU.Build.0 = Debug|Any CPU
		{F8830CAB-A3C9-49D8-B927-EE5337E4FB34}.Release|Any CPU.ActiveCfg = Release|Any CPU
		{F8830CAB-A3C9-49D8-B927-EE5337E4FB34}.Release|Any CPU.Build.0 = Release|Any CPU
		{9874D23F-5661-4BC2-A59A-ACAC1DF00273}.Debug|Any CPU.ActiveCfg = Debug|Any CPU
		{9874D23F-5661-4BC2-A59A-ACAC1DF00273}.Debug|Any CPU.Build.0 = Debug|Any CPU
		{9874D23F-5661-4BC2-A59A-ACAC1DF00273}.Release|Any CPU.ActiveCfg = Release|Any CPU
		{9874D23F-5661-4BC2-A59A-ACAC1DF00273}.Release|Any CPU.Build.0 = Release|Any CPU
		{C9411C67-7B84-4C44-B42E-D5CB772FD8A6}.Debug|Any CPU.ActiveCfg = Debug|Any CPU
		{C9411C67-7B84-4C44-B42E-D5CB772FD8A6}.Debug|Any CPU.Build.0 = Debug|Any CPU
		{C9411C67-7B84-4C44-B42E-D5CB772FD8A6}.Release|Any CPU.ActiveCfg = Release|Any CPU
		{C9411C67-7B84-4C44-B42E-D5CB772FD8A6}.Release|Any CPU.Build.0 = Release|Any CPU
		{BC7B7BD4-B92E-4125-B5EB-A54E7C9D577A}.Debug|Any CPU.ActiveCfg = Debug|Any CPU
		{BC7B7BD4-B92E-4125-B5EB-A54E7C9D577A}.Debug|Any CPU.Build.0 = Debug|Any CPU
		{BC7B7BD4-B92E-4125-B5EB-A54E7C9D577A}.Release|Any CPU.ActiveCfg = Release|Any CPU
		{BC7B7BD4-B92E-4125-B5EB-A54E7C9D577A}.Release|Any CPU.Build.0 = Release|Any CPU
		{0400B1C5-B645-4AFC-96D6-A4AAA1BD4A9A}.Debug|Any CPU.ActiveCfg = Debug|Any CPU
		{0400B1C5-B645-4AFC-96D6-A4AAA1BD4A9A}.Debug|Any CPU.Build.0 = Debug|Any CPU
		{0400B1C5-B645-4AFC-96D6-A4AAA1BD4A9A}.Release|Any CPU.ActiveCfg = Release|Any CPU
		{0400B1C5-B645-4AFC-96D6-A4AAA1BD4A9A}.Release|Any CPU.Build.0 = Release|Any CPU
		{B3CCFE64-D009-4EA6-941F-39EEEDFF958E}.Debug|Any CPU.ActiveCfg = Debug|Any CPU
		{B3CCFE64-D009-4EA6-941F-39EEEDFF958E}.Debug|Any CPU.Build.0 = Debug|Any CPU
		{B3CCFE64-D009-4EA6-941F-39EEEDFF958E}.Release|Any CPU.ActiveCfg = Release|Any CPU
		{B3CCFE64-D009-4EA6-941F-39EEEDFF958E}.Release|Any CPU.Build.0 = Release|Any CPU
		{27747FAD-C436-4715-A537-9FEB4C448414}.Debug|Any CPU.ActiveCfg = Debug|Any CPU
		{27747FAD-C436-4715-A537-9FEB4C448414}.Debug|Any CPU.Build.0 = Debug|Any CPU
		{27747FAD-C436-4715-A537-9FEB4C448414}.Release|Any CPU.ActiveCfg = Release|Any CPU
		{27747FAD-C436-4715-A537-9FEB4C448414}.Release|Any CPU.Build.0 = Release|Any CPU
		{1D18D551-4603-4824-B052-704037188DE1}.Debug|Any CPU.ActiveCfg = Debug|Any CPU
		{1D18D551-4603-4824-B052-704037188DE1}.Debug|Any CPU.Build.0 = Debug|Any CPU
		{1D18D551-4603-4824-B052-704037188DE1}.Release|Any CPU.ActiveCfg = Release|Any CPU
		{1D18D551-4603-4824-B052-704037188DE1}.Release|Any CPU.Build.0 = Release|Any CPU
		{1A40DAB0-89D7-493A-9601-C4B3E3159C3A}.Debug|Any CPU.ActiveCfg = Debug|Any CPU
		{1A40DAB0-89D7-493A-9601-C4B3E3159C3A}.Debug|Any CPU.Build.0 = Debug|Any CPU
		{1A40DAB0-89D7-493A-9601-C4B3E3159C3A}.Release|Any CPU.ActiveCfg = Release|Any CPU
		{1A40DAB0-89D7-493A-9601-C4B3E3159C3A}.Release|Any CPU.Build.0 = Release|Any CPU
		{B6E3B990-C710-4978-B632-C1AE2072432E}.Debug|Any CPU.ActiveCfg = Debug|Any CPU
		{B6E3B990-C710-4978-B632-C1AE2072432E}.Debug|Any CPU.Build.0 = Debug|Any CPU
		{B6E3B990-C710-4978-B632-C1AE2072432E}.Release|Any CPU.ActiveCfg = Release|Any CPU
		{B6E3B990-C710-4978-B632-C1AE2072432E}.Release|Any CPU.Build.0 = Release|Any CPU
		{18AC3A8A-EAEB-4F0D-B63C-98F80201F868}.Debug|Any CPU.ActiveCfg = Debug|Any CPU
		{18AC3A8A-EAEB-4F0D-B63C-98F80201F868}.Debug|Any CPU.Build.0 = Debug|Any CPU
		{18AC3A8A-EAEB-4F0D-B63C-98F80201F868}.Release|Any CPU.ActiveCfg = Release|Any CPU
		{18AC3A8A-EAEB-4F0D-B63C-98F80201F868}.Release|Any CPU.Build.0 = Release|Any CPU
		{70DC782F-CA0B-4ED8-BDCD-97B93142DD18}.Debug|Any CPU.ActiveCfg = Debug|Any CPU
		{70DC782F-CA0B-4ED8-BDCD-97B93142DD18}.Debug|Any CPU.Build.0 = Debug|Any CPU
		{70DC782F-CA0B-4ED8-BDCD-97B93142DD18}.Release|Any CPU.ActiveCfg = Release|Any CPU
		{70DC782F-CA0B-4ED8-BDCD-97B93142DD18}.Release|Any CPU.Build.0 = Release|Any CPU
		{029AF096-83ED-4317-B01A-0FFEE73382AA}.Debug|Any CPU.ActiveCfg = Debug|Any CPU
		{029AF096-83ED-4317-B01A-0FFEE73382AA}.Debug|Any CPU.Build.0 = Debug|Any CPU
		{029AF096-83ED-4317-B01A-0FFEE73382AA}.Release|Any CPU.ActiveCfg = Release|Any CPU
		{029AF096-83ED-4317-B01A-0FFEE73382AA}.Release|Any CPU.Build.0 = Release|Any CPU
		{89526BD0-FBD0-4993-A403-06293E8C1CDB}.Debug|Any CPU.ActiveCfg = Debug|Any CPU
		{89526BD0-FBD0-4993-A403-06293E8C1CDB}.Debug|Any CPU.Build.0 = Debug|Any CPU
		{89526BD0-FBD0-4993-A403-06293E8C1CDB}.Release|Any CPU.ActiveCfg = Release|Any CPU
		{89526BD0-FBD0-4993-A403-06293E8C1CDB}.Release|Any CPU.Build.0 = Release|Any CPU
		{9B27EF91-956D-45EF-B1B4-4E7D18C500A2}.Debug|Any CPU.ActiveCfg = Debug|Any CPU
		{9B27EF91-956D-45EF-B1B4-4E7D18C500A2}.Debug|Any CPU.Build.0 = Debug|Any CPU
		{9B27EF91-956D-45EF-B1B4-4E7D18C500A2}.Release|Any CPU.ActiveCfg = Release|Any CPU
		{9B27EF91-956D-45EF-B1B4-4E7D18C500A2}.Release|Any CPU.Build.0 = Release|Any CPU
		{5A32DF36-FAAD-43E1-876A-2868DD1678FD}.Debug|Any CPU.ActiveCfg = Debug|Any CPU
		{5A32DF36-FAAD-43E1-876A-2868DD1678FD}.Debug|Any CPU.Build.0 = Debug|Any CPU
		{5A32DF36-FAAD-43E1-876A-2868DD1678FD}.Release|Any CPU.ActiveCfg = Release|Any CPU
		{5A32DF36-FAAD-43E1-876A-2868DD1678FD}.Release|Any CPU.Build.0 = Release|Any CPU
		{53312D5C-3B5A-4381-8869-B62FD3094159}.Debug|Any CPU.ActiveCfg = Debug|Any CPU
		{53312D5C-3B5A-4381-8869-B62FD3094159}.Debug|Any CPU.Build.0 = Debug|Any CPU
		{53312D5C-3B5A-4381-8869-B62FD3094159}.Release|Any CPU.ActiveCfg = Release|Any CPU
		{53312D5C-3B5A-4381-8869-B62FD3094159}.Release|Any CPU.Build.0 = Release|Any CPU
		{4FD4CD13-81B6-4F14-ABBB-0B4207120D33}.Debug|Any CPU.ActiveCfg = Debug|Any CPU
		{4FD4CD13-81B6-4F14-ABBB-0B4207120D33}.Debug|Any CPU.Build.0 = Debug|Any CPU
		{4FD4CD13-81B6-4F14-ABBB-0B4207120D33}.Release|Any CPU.ActiveCfg = Release|Any CPU
		{4FD4CD13-81B6-4F14-ABBB-0B4207120D33}.Release|Any CPU.Build.0 = Release|Any CPU
		{5126204F-7CE0-47E1-80B0-7E97DE1FDF86}.Debug|Any CPU.ActiveCfg = Debug|Any CPU
		{5126204F-7CE0-47E1-80B0-7E97DE1FDF86}.Debug|Any CPU.Build.0 = Debug|Any CPU
		{5126204F-7CE0-47E1-80B0-7E97DE1FDF86}.Release|Any CPU.ActiveCfg = Release|Any CPU
		{5126204F-7CE0-47E1-80B0-7E97DE1FDF86}.Release|Any CPU.Build.0 = Release|Any CPU
		{20346199-581A-4BAB-941B-4C730E6003A8}.Debug|Any CPU.ActiveCfg = Debug|Any CPU
		{20346199-581A-4BAB-941B-4C730E6003A8}.Debug|Any CPU.Build.0 = Debug|Any CPU
		{20346199-581A-4BAB-941B-4C730E6003A8}.Release|Any CPU.ActiveCfg = Release|Any CPU
		{20346199-581A-4BAB-941B-4C730E6003A8}.Release|Any CPU.Build.0 = Release|Any CPU
		{46E95E67-3910-48AC-A9D0-7244674550ED}.Debug|Any CPU.ActiveCfg = Debug|Any CPU
		{46E95E67-3910-48AC-A9D0-7244674550ED}.Debug|Any CPU.Build.0 = Debug|Any CPU
		{46E95E67-3910-48AC-A9D0-7244674550ED}.Release|Any CPU.ActiveCfg = Release|Any CPU
		{46E95E67-3910-48AC-A9D0-7244674550ED}.Release|Any CPU.Build.0 = Release|Any CPU
		{2CC9AA70-549F-4E39-932D-613FD498D5D5}.Debug|Any CPU.ActiveCfg = Debug|Any CPU
		{2CC9AA70-549F-4E39-932D-613FD498D5D5}.Debug|Any CPU.Build.0 = Debug|Any CPU
		{2CC9AA70-549F-4E39-932D-613FD498D5D5}.Release|Any CPU.ActiveCfg = Release|Any CPU
		{2CC9AA70-549F-4E39-932D-613FD498D5D5}.Release|Any CPU.Build.0 = Release|Any CPU
		{8A1619C7-8E7E-4F08-8FC4-0FA7B0C8BA38}.Debug|Any CPU.ActiveCfg = Debug|Any CPU
		{8A1619C7-8E7E-4F08-8FC4-0FA7B0C8BA38}.Debug|Any CPU.Build.0 = Debug|Any CPU
		{8A1619C7-8E7E-4F08-8FC4-0FA7B0C8BA38}.Release|Any CPU.ActiveCfg = Release|Any CPU
		{8A1619C7-8E7E-4F08-8FC4-0FA7B0C8BA38}.Release|Any CPU.Build.0 = Release|Any CPU
		{EC4A9F79-0C4B-40EA-B966-BF8744F62FE9}.Debug|Any CPU.ActiveCfg = Debug|Any CPU
		{EC4A9F79-0C4B-40EA-B966-BF8744F62FE9}.Debug|Any CPU.Build.0 = Debug|Any CPU
		{EC4A9F79-0C4B-40EA-B966-BF8744F62FE9}.Release|Any CPU.ActiveCfg = Release|Any CPU
		{EC4A9F79-0C4B-40EA-B966-BF8744F62FE9}.Release|Any CPU.Build.0 = Release|Any CPU
		{622C656C-7CB7-4D18-82CE-DA9AD09D5A19}.Debug|Any CPU.ActiveCfg = Debug|Any CPU
		{622C656C-7CB7-4D18-82CE-DA9AD09D5A19}.Debug|Any CPU.Build.0 = Debug|Any CPU
		{622C656C-7CB7-4D18-82CE-DA9AD09D5A19}.Release|Any CPU.ActiveCfg = Release|Any CPU
		{622C656C-7CB7-4D18-82CE-DA9AD09D5A19}.Release|Any CPU.Build.0 = Release|Any CPU
		{1F429BCC-B2FF-4E53-B115-7E5CB559776B}.Debug|Any CPU.ActiveCfg = Debug|Any CPU
		{1F429BCC-B2FF-4E53-B115-7E5CB559776B}.Debug|Any CPU.Build.0 = Debug|Any CPU
		{1F429BCC-B2FF-4E53-B115-7E5CB559776B}.Release|Any CPU.ActiveCfg = Release|Any CPU
		{1F429BCC-B2FF-4E53-B115-7E5CB559776B}.Release|Any CPU.Build.0 = Release|Any CPU
		{3827C7C5-9006-4444-984F-A7434AC1A952}.Debug|Any CPU.ActiveCfg = Debug|Any CPU
		{3827C7C5-9006-4444-984F-A7434AC1A952}.Debug|Any CPU.Build.0 = Debug|Any CPU
		{3827C7C5-9006-4444-984F-A7434AC1A952}.Release|Any CPU.ActiveCfg = Release|Any CPU
		{3827C7C5-9006-4444-984F-A7434AC1A952}.Release|Any CPU.Build.0 = Release|Any CPU
		{F56FBFA7-4164-4B8F-9AA3-A4B4D247AE96}.Debug|Any CPU.ActiveCfg = Debug|Any CPU
		{F56FBFA7-4164-4B8F-9AA3-A4B4D247AE96}.Debug|Any CPU.Build.0 = Debug|Any CPU
		{F56FBFA7-4164-4B8F-9AA3-A4B4D247AE96}.Release|Any CPU.ActiveCfg = Release|Any CPU
		{F56FBFA7-4164-4B8F-9AA3-A4B4D247AE96}.Release|Any CPU.Build.0 = Release|Any CPU
		{B04F8820-ECCE-4A3E-87ED-299A885887B5}.Debug|Any CPU.ActiveCfg = Debug|Any CPU
		{B04F8820-ECCE-4A3E-87ED-299A885887B5}.Debug|Any CPU.Build.0 = Debug|Any CPU
		{B04F8820-ECCE-4A3E-87ED-299A885887B5}.Release|Any CPU.ActiveCfg = Release|Any CPU
		{B04F8820-ECCE-4A3E-87ED-299A885887B5}.Release|Any CPU.Build.0 = Release|Any CPU
		{50593018-FBB8-4B85-AB9A-C9EA77E2403D}.Debug|Any CPU.ActiveCfg = Debug|Any CPU
		{50593018-FBB8-4B85-AB9A-C9EA77E2403D}.Debug|Any CPU.Build.0 = Debug|Any CPU
		{50593018-FBB8-4B85-AB9A-C9EA77E2403D}.Release|Any CPU.ActiveCfg = Release|Any CPU
		{50593018-FBB8-4B85-AB9A-C9EA77E2403D}.Release|Any CPU.Build.0 = Release|Any CPU
		{4E1C982F-4E1D-42DF-9F65-9130CCD932F4}.Debug|Any CPU.ActiveCfg = Debug|Any CPU
		{4E1C982F-4E1D-42DF-9F65-9130CCD932F4}.Debug|Any CPU.Build.0 = Debug|Any CPU
		{4E1C982F-4E1D-42DF-9F65-9130CCD932F4}.Release|Any CPU.ActiveCfg = Release|Any CPU
		{4E1C982F-4E1D-42DF-9F65-9130CCD932F4}.Release|Any CPU.Build.0 = Release|Any CPU
		{B436EB59-2C53-4210-A16D-1CB808B40FD5}.Debug|Any CPU.ActiveCfg = Debug|Any CPU
		{B436EB59-2C53-4210-A16D-1CB808B40FD5}.Debug|Any CPU.Build.0 = Debug|Any CPU
		{B436EB59-2C53-4210-A16D-1CB808B40FD5}.Release|Any CPU.ActiveCfg = Release|Any CPU
		{B436EB59-2C53-4210-A16D-1CB808B40FD5}.Release|Any CPU.Build.0 = Release|Any CPU
		{24A43872-244D-4136-83E9-09D534305D91}.Debug|Any CPU.ActiveCfg = Debug|Any CPU
		{24A43872-244D-4136-83E9-09D534305D91}.Debug|Any CPU.Build.0 = Debug|Any CPU
		{24A43872-244D-4136-83E9-09D534305D91}.Release|Any CPU.ActiveCfg = Release|Any CPU
		{24A43872-244D-4136-83E9-09D534305D91}.Release|Any CPU.Build.0 = Release|Any CPU
		{14AA8615-966D-44F4-A1D0-1D8929013535}.Debug|Any CPU.ActiveCfg = Debug|Any CPU
		{14AA8615-966D-44F4-A1D0-1D8929013535}.Debug|Any CPU.Build.0 = Debug|Any CPU
		{14AA8615-966D-44F4-A1D0-1D8929013535}.Release|Any CPU.ActiveCfg = Release|Any CPU
		{14AA8615-966D-44F4-A1D0-1D8929013535}.Release|Any CPU.Build.0 = Release|Any CPU
		{F860EEBD-149B-4C99-90BB-F2C0BEBF3358}.Debug|Any CPU.ActiveCfg = Debug|Any CPU
		{F860EEBD-149B-4C99-90BB-F2C0BEBF3358}.Debug|Any CPU.Build.0 = Debug|Any CPU
		{F860EEBD-149B-4C99-90BB-F2C0BEBF3358}.Release|Any CPU.ActiveCfg = Release|Any CPU
		{F860EEBD-149B-4C99-90BB-F2C0BEBF3358}.Release|Any CPU.Build.0 = Release|Any CPU
		{0AD30D6D-29C3-462A-9490-D2E3906D9DBE}.Debug|Any CPU.ActiveCfg = Debug|Any CPU
		{0AD30D6D-29C3-462A-9490-D2E3906D9DBE}.Debug|Any CPU.Build.0 = Debug|Any CPU
		{0AD30D6D-29C3-462A-9490-D2E3906D9DBE}.Release|Any CPU.ActiveCfg = Release|Any CPU
		{0AD30D6D-29C3-462A-9490-D2E3906D9DBE}.Release|Any CPU.Build.0 = Release|Any CPU
		{36E992AD-17FB-4362-8F72-653570D4EDC1}.Debug|Any CPU.ActiveCfg = Debug|Any CPU
		{36E992AD-17FB-4362-8F72-653570D4EDC1}.Debug|Any CPU.Build.0 = Debug|Any CPU
		{36E992AD-17FB-4362-8F72-653570D4EDC1}.Release|Any CPU.ActiveCfg = Release|Any CPU
		{36E992AD-17FB-4362-8F72-653570D4EDC1}.Release|Any CPU.Build.0 = Release|Any CPU
		{E4CD60F2-7936-4112-BF0A-E334D4313B7C}.Debug|Any CPU.ActiveCfg = Debug|Any CPU
		{E4CD60F2-7936-4112-BF0A-E334D4313B7C}.Debug|Any CPU.Build.0 = Debug|Any CPU
		{E4CD60F2-7936-4112-BF0A-E334D4313B7C}.Release|Any CPU.ActiveCfg = Release|Any CPU
		{E4CD60F2-7936-4112-BF0A-E334D4313B7C}.Release|Any CPU.Build.0 = Release|Any CPU
		{CA2D8F5C-AB0C-4E65-8C02-AD1CE69BA4CB}.Debug|Any CPU.ActiveCfg = Debug|Any CPU
		{CA2D8F5C-AB0C-4E65-8C02-AD1CE69BA4CB}.Debug|Any CPU.Build.0 = Debug|Any CPU
		{CA2D8F5C-AB0C-4E65-8C02-AD1CE69BA4CB}.Release|Any CPU.ActiveCfg = Release|Any CPU
		{CA2D8F5C-AB0C-4E65-8C02-AD1CE69BA4CB}.Release|Any CPU.Build.0 = Release|Any CPU
		{1CED2B40-82B2-41BF-972D-02B71262045D}.Debug|Any CPU.ActiveCfg = Debug|Any CPU
		{1CED2B40-82B2-41BF-972D-02B71262045D}.Debug|Any CPU.Build.0 = Debug|Any CPU
		{1CED2B40-82B2-41BF-972D-02B71262045D}.Release|Any CPU.ActiveCfg = Release|Any CPU
		{1CED2B40-82B2-41BF-972D-02B71262045D}.Release|Any CPU.Build.0 = Release|Any CPU
		{DF71F5D9-2C07-4A4E-92C1-22F91D4B2445}.Debug|Any CPU.ActiveCfg = Debug|Any CPU
		{DF71F5D9-2C07-4A4E-92C1-22F91D4B2445}.Debug|Any CPU.Build.0 = Debug|Any CPU
		{DF71F5D9-2C07-4A4E-92C1-22F91D4B2445}.Release|Any CPU.ActiveCfg = Release|Any CPU
		{DF71F5D9-2C07-4A4E-92C1-22F91D4B2445}.Release|Any CPU.Build.0 = Release|Any CPU
		{6C898ED3-EF98-4D35-8181-2817A4AD312E}.Debug|Any CPU.ActiveCfg = Debug|Any CPU
		{6C898ED3-EF98-4D35-8181-2817A4AD312E}.Debug|Any CPU.Build.0 = Debug|Any CPU
		{6C898ED3-EF98-4D35-8181-2817A4AD312E}.Release|Any CPU.ActiveCfg = Release|Any CPU
		{6C898ED3-EF98-4D35-8181-2817A4AD312E}.Release|Any CPU.Build.0 = Release|Any CPU
		{0F50F1E5-9736-4A0F-A0D0-70F23C6EA2A4}.Debug|Any CPU.ActiveCfg = Debug|Any CPU
		{0F50F1E5-9736-4A0F-A0D0-70F23C6EA2A4}.Debug|Any CPU.Build.0 = Debug|Any CPU
		{0F50F1E5-9736-4A0F-A0D0-70F23C6EA2A4}.Release|Any CPU.ActiveCfg = Release|Any CPU
		{0F50F1E5-9736-4A0F-A0D0-70F23C6EA2A4}.Release|Any CPU.Build.0 = Release|Any CPU
		{F2F7CD66-850A-4E51-9367-F1006CD4C55A}.Debug|Any CPU.ActiveCfg = Debug|Any CPU
		{F2F7CD66-850A-4E51-9367-F1006CD4C55A}.Debug|Any CPU.Build.0 = Debug|Any CPU
		{F2F7CD66-850A-4E51-9367-F1006CD4C55A}.Release|Any CPU.ActiveCfg = Release|Any CPU
		{F2F7CD66-850A-4E51-9367-F1006CD4C55A}.Release|Any CPU.Build.0 = Release|Any CPU
		{C5249EFF-95F5-46CC-84D4-6F890ABB4C34}.Debug|Any CPU.ActiveCfg = Debug|Any CPU
		{C5249EFF-95F5-46CC-84D4-6F890ABB4C34}.Debug|Any CPU.Build.0 = Debug|Any CPU
		{C5249EFF-95F5-46CC-84D4-6F890ABB4C34}.Release|Any CPU.ActiveCfg = Release|Any CPU
		{C5249EFF-95F5-46CC-84D4-6F890ABB4C34}.Release|Any CPU.Build.0 = Release|Any CPU
		{9CB42916-7618-4384-9607-5A3D270447C8}.Debug|Any CPU.ActiveCfg = Debug|Any CPU
		{9CB42916-7618-4384-9607-5A3D270447C8}.Debug|Any CPU.Build.0 = Debug|Any CPU
		{9CB42916-7618-4384-9607-5A3D270447C8}.Release|Any CPU.ActiveCfg = Release|Any CPU
		{9CB42916-7618-4384-9607-5A3D270447C8}.Release|Any CPU.Build.0 = Release|Any CPU
		{1720AB35-FA1F-4B7A-A1D0-3E6F29150420}.Debug|Any CPU.ActiveCfg = Debug|Any CPU
		{1720AB35-FA1F-4B7A-A1D0-3E6F29150420}.Debug|Any CPU.Build.0 = Debug|Any CPU
		{1720AB35-FA1F-4B7A-A1D0-3E6F29150420}.Release|Any CPU.ActiveCfg = Release|Any CPU
		{1720AB35-FA1F-4B7A-A1D0-3E6F29150420}.Release|Any CPU.Build.0 = Release|Any CPU
		{75F720B4-4410-403C-82CA-AB37C79CD5A4}.Debug|Any CPU.ActiveCfg = Debug|Any CPU
		{75F720B4-4410-403C-82CA-AB37C79CD5A4}.Debug|Any CPU.Build.0 = Debug|Any CPU
		{75F720B4-4410-403C-82CA-AB37C79CD5A4}.Release|Any CPU.ActiveCfg = Release|Any CPU
		{75F720B4-4410-403C-82CA-AB37C79CD5A4}.Release|Any CPU.Build.0 = Release|Any CPU
		{B791F4A2-8916-4B34-9923-642B569792B0}.Debug|Any CPU.ActiveCfg = Debug|Any CPU
		{B791F4A2-8916-4B34-9923-642B569792B0}.Debug|Any CPU.Build.0 = Debug|Any CPU
		{B791F4A2-8916-4B34-9923-642B569792B0}.Release|Any CPU.ActiveCfg = Release|Any CPU
		{B791F4A2-8916-4B34-9923-642B569792B0}.Release|Any CPU.Build.0 = Release|Any CPU
		{16DEDF0C-EE9D-4194-9EE0-E3BE2A1D349A}.Debug|Any CPU.ActiveCfg = Debug|Any CPU
		{16DEDF0C-EE9D-4194-9EE0-E3BE2A1D349A}.Debug|Any CPU.Build.0 = Debug|Any CPU
		{16DEDF0C-EE9D-4194-9EE0-E3BE2A1D349A}.Release|Any CPU.ActiveCfg = Release|Any CPU
		{16DEDF0C-EE9D-4194-9EE0-E3BE2A1D349A}.Release|Any CPU.Build.0 = Release|Any CPU
		{796308BD-44F3-414E-AF7E-901B8C3B8977}.Debug|Any CPU.ActiveCfg = Debug|Any CPU
		{796308BD-44F3-414E-AF7E-901B8C3B8977}.Debug|Any CPU.Build.0 = Debug|Any CPU
		{796308BD-44F3-414E-AF7E-901B8C3B8977}.Release|Any CPU.ActiveCfg = Release|Any CPU
		{796308BD-44F3-414E-AF7E-901B8C3B8977}.Release|Any CPU.Build.0 = Release|Any CPU
		{1CE9516A-775A-4337-9CA5-270806AE586F}.Debug|Any CPU.ActiveCfg = Debug|Any CPU
		{1CE9516A-775A-4337-9CA5-270806AE586F}.Debug|Any CPU.Build.0 = Debug|Any CPU
		{1CE9516A-775A-4337-9CA5-270806AE586F}.Release|Any CPU.ActiveCfg = Release|Any CPU
		{1CE9516A-775A-4337-9CA5-270806AE586F}.Release|Any CPU.Build.0 = Release|Any CPU
		{FF9C3B96-A71E-4292-BC66-79724EC079F6}.Debug|Any CPU.ActiveCfg = Debug|Any CPU
		{FF9C3B96-A71E-4292-BC66-79724EC079F6}.Debug|Any CPU.Build.0 = Debug|Any CPU
		{FF9C3B96-A71E-4292-BC66-79724EC079F6}.Release|Any CPU.ActiveCfg = Release|Any CPU
		{FF9C3B96-A71E-4292-BC66-79724EC079F6}.Release|Any CPU.Build.0 = Release|Any CPU
		{130AC4A5-D522-4BFF-8A71-78607423A559}.Debug|Any CPU.ActiveCfg = Debug|Any CPU
		{130AC4A5-D522-4BFF-8A71-78607423A559}.Debug|Any CPU.Build.0 = Debug|Any CPU
		{130AC4A5-D522-4BFF-8A71-78607423A559}.Release|Any CPU.ActiveCfg = Release|Any CPU
		{130AC4A5-D522-4BFF-8A71-78607423A559}.Release|Any CPU.Build.0 = Release|Any CPU
		{B98ADCD8-F3D8-48EA-8E42-E8EC5DD31E6F}.Debug|Any CPU.ActiveCfg = Debug|Any CPU
		{B98ADCD8-F3D8-48EA-8E42-E8EC5DD31E6F}.Debug|Any CPU.Build.0 = Debug|Any CPU
		{B98ADCD8-F3D8-48EA-8E42-E8EC5DD31E6F}.Release|Any CPU.ActiveCfg = Release|Any CPU
		{B98ADCD8-F3D8-48EA-8E42-E8EC5DD31E6F}.Release|Any CPU.Build.0 = Release|Any CPU
		{C9229AD7-9084-47BF-A858-A114E619F7E8}.Debug|Any CPU.ActiveCfg = Debug|Any CPU
		{C9229AD7-9084-47BF-A858-A114E619F7E8}.Debug|Any CPU.Build.0 = Debug|Any CPU
		{C9229AD7-9084-47BF-A858-A114E619F7E8}.Release|Any CPU.ActiveCfg = Release|Any CPU
		{C9229AD7-9084-47BF-A858-A114E619F7E8}.Release|Any CPU.Build.0 = Release|Any CPU
		{DFC50851-115B-4AFA-80CA-A4529EF0B797}.Debug|Any CPU.ActiveCfg = Debug|Any CPU
		{DFC50851-115B-4AFA-80CA-A4529EF0B797}.Debug|Any CPU.Build.0 = Debug|Any CPU
		{DFC50851-115B-4AFA-80CA-A4529EF0B797}.Release|Any CPU.ActiveCfg = Release|Any CPU
		{DFC50851-115B-4AFA-80CA-A4529EF0B797}.Release|Any CPU.Build.0 = Release|Any CPU
		{C68D901B-37FB-47CC-9DB9-E3277AE029DE}.Debug|Any CPU.ActiveCfg = Debug|Any CPU
		{C68D901B-37FB-47CC-9DB9-E3277AE029DE}.Debug|Any CPU.Build.0 = Debug|Any CPU
		{C68D901B-37FB-47CC-9DB9-E3277AE029DE}.Release|Any CPU.ActiveCfg = Release|Any CPU
		{C68D901B-37FB-47CC-9DB9-E3277AE029DE}.Release|Any CPU.Build.0 = Release|Any CPU
		{44E566E3-1318-48C6-9257-24FCFB6FDAA1}.Debug|Any CPU.ActiveCfg = Debug|Any CPU
		{44E566E3-1318-48C6-9257-24FCFB6FDAA1}.Debug|Any CPU.Build.0 = Debug|Any CPU
		{44E566E3-1318-48C6-9257-24FCFB6FDAA1}.Release|Any CPU.ActiveCfg = Release|Any CPU
		{44E566E3-1318-48C6-9257-24FCFB6FDAA1}.Release|Any CPU.Build.0 = Release|Any CPU
		{70F0105A-5797-4C1C-88CA-276E150FF0D9}.Debug|Any CPU.ActiveCfg = Debug|Any CPU
		{70F0105A-5797-4C1C-88CA-276E150FF0D9}.Debug|Any CPU.Build.0 = Debug|Any CPU
		{70F0105A-5797-4C1C-88CA-276E150FF0D9}.Release|Any CPU.ActiveCfg = Release|Any CPU
		{70F0105A-5797-4C1C-88CA-276E150FF0D9}.Release|Any CPU.Build.0 = Release|Any CPU
		{21145A84-C22E-45AC-940C-5E001FF99A51}.Debug|Any CPU.ActiveCfg = Debug|Any CPU
		{21145A84-C22E-45AC-940C-5E001FF99A51}.Debug|Any CPU.Build.0 = Debug|Any CPU
		{21145A84-C22E-45AC-940C-5E001FF99A51}.Release|Any CPU.ActiveCfg = Release|Any CPU
		{21145A84-C22E-45AC-940C-5E001FF99A51}.Release|Any CPU.Build.0 = Release|Any CPU
		{2EBB378C-08EE-4A43-84EF-43A019135F51}.Debug|Any CPU.ActiveCfg = Debug|Any CPU
		{2EBB378C-08EE-4A43-84EF-43A019135F51}.Debug|Any CPU.Build.0 = Debug|Any CPU
		{2EBB378C-08EE-4A43-84EF-43A019135F51}.Release|Any CPU.ActiveCfg = Release|Any CPU
		{2EBB378C-08EE-4A43-84EF-43A019135F51}.Release|Any CPU.Build.0 = Release|Any CPU
		{AB4F07A2-EDA3-4ED8-AB74-58B541A58B3B}.Debug|Any CPU.ActiveCfg = Debug|Any CPU
		{AB4F07A2-EDA3-4ED8-AB74-58B541A58B3B}.Debug|Any CPU.Build.0 = Debug|Any CPU
		{AB4F07A2-EDA3-4ED8-AB74-58B541A58B3B}.Release|Any CPU.ActiveCfg = Release|Any CPU
		{AB4F07A2-EDA3-4ED8-AB74-58B541A58B3B}.Release|Any CPU.Build.0 = Release|Any CPU
		{91E51707-F70D-45DD-8EF5-0A3E268DDD3E}.Debug|Any CPU.ActiveCfg = Debug|Any CPU
		{91E51707-F70D-45DD-8EF5-0A3E268DDD3E}.Debug|Any CPU.Build.0 = Debug|Any CPU
		{91E51707-F70D-45DD-8EF5-0A3E268DDD3E}.Release|Any CPU.ActiveCfg = Release|Any CPU
		{91E51707-F70D-45DD-8EF5-0A3E268DDD3E}.Release|Any CPU.Build.0 = Release|Any CPU
		{964A0A7D-015D-4F15-B4B5-4510D9A20C7D}.Debug|Any CPU.ActiveCfg = Debug|Any CPU
		{964A0A7D-015D-4F15-B4B5-4510D9A20C7D}.Debug|Any CPU.Build.0 = Debug|Any CPU
		{964A0A7D-015D-4F15-B4B5-4510D9A20C7D}.Release|Any CPU.ActiveCfg = Release|Any CPU
		{964A0A7D-015D-4F15-B4B5-4510D9A20C7D}.Release|Any CPU.Build.0 = Release|Any CPU
		{A0EACD73-356B-42C6-9C4F-8CB8D40ACB94}.Debug|Any CPU.ActiveCfg = Debug|Any CPU
		{A0EACD73-356B-42C6-9C4F-8CB8D40ACB94}.Debug|Any CPU.Build.0 = Debug|Any CPU
		{A0EACD73-356B-42C6-9C4F-8CB8D40ACB94}.Release|Any CPU.ActiveCfg = Release|Any CPU
		{A0EACD73-356B-42C6-9C4F-8CB8D40ACB94}.Release|Any CPU.Build.0 = Release|Any CPU
		{E1B780D9-0C41-4770-9C59-4DAF2BB0FEB9}.Debug|Any CPU.ActiveCfg = Debug|Any CPU
		{E1B780D9-0C41-4770-9C59-4DAF2BB0FEB9}.Debug|Any CPU.Build.0 = Debug|Any CPU
		{E1B780D9-0C41-4770-9C59-4DAF2BB0FEB9}.Release|Any CPU.ActiveCfg = Release|Any CPU
		{E1B780D9-0C41-4770-9C59-4DAF2BB0FEB9}.Release|Any CPU.Build.0 = Release|Any CPU
		{3C3D2CC9-3342-4A12-8C21-D277934971B6}.Debug|Any CPU.ActiveCfg = Debug|Any CPU
		{3C3D2CC9-3342-4A12-8C21-D277934971B6}.Debug|Any CPU.Build.0 = Debug|Any CPU
		{3C3D2CC9-3342-4A12-8C21-D277934971B6}.Release|Any CPU.ActiveCfg = Release|Any CPU
		{3C3D2CC9-3342-4A12-8C21-D277934971B6}.Release|Any CPU.Build.0 = Release|Any CPU
	EndGlobalSection
	GlobalSection(NestedProjects) = preSolution
		{5E2A6F4C-0710-439C-B473-3817C215FD32} = {3B865427-7F1A-4309-866F-A1ADE2EB547B}
		{F535D68D-608D-4344-8876-F04D12658A38} = {5E2A6F4C-0710-439C-B473-3817C215FD32}
		{6CC60503-FC94-4BBF-958D-BBCBB26D7B15} = {F535D68D-608D-4344-8876-F04D12658A38}
		{2923DC00-D130-4218-A1F5-DC81E2F67014} = {3B865427-7F1A-4309-866F-A1ADE2EB547B}
		{3A3EC28B-46B0-420A-81B4-8FD4E38B10CB} = {2923DC00-D130-4218-A1F5-DC81E2F67014}
		{FE71C5BF-CA0D-474C-BAAA-D45DB5D157BE} = {3A3EC28B-46B0-420A-81B4-8FD4E38B10CB}
		{93B906B3-9C5B-4DBE-A6AA-873EB063AAC0} = {3A3EC28B-46B0-420A-81B4-8FD4E38B10CB}
		{9143A7EB-30EB-4522-8E8A-3197B9F6BA27} = {3A3EC28B-46B0-420A-81B4-8FD4E38B10CB}
		{38F8A89F-F890-48B7-B8EA-067DE2440A18} = {3A3EC28B-46B0-420A-81B4-8FD4E38B10CB}
		{A6774E02-9B73-4EEC-9460-3BACC3E5D3DD} = {2923DC00-D130-4218-A1F5-DC81E2F67014}
		{2E953193-B19B-436F-AF95-89861564D969} = {A6774E02-9B73-4EEC-9460-3BACC3E5D3DD}
		{735D8578-6CC9-484C-AB18-CF9BE6185040} = {3A3EC28B-46B0-420A-81B4-8FD4E38B10CB}
		{11836927-B95C-4C8B-865C-8991D24981D7} = {3B865427-7F1A-4309-866F-A1ADE2EB547B}
		{B376B78E-2BB8-4BCE-ABBA-898D614E7A13} = {11836927-B95C-4C8B-865C-8991D24981D7}
		{7639DE89-FFA2-4066-915B-5F4C51EE3EED} = {B376B78E-2BB8-4BCE-ABBA-898D614E7A13}
		{31B2B647-75C9-427F-AE7D-2ABD8B96FE58} = {11836927-B95C-4C8B-865C-8991D24981D7}
		{16491A0C-6B8B-4B1E-8ACF-C6CDC3D5D02A} = {31B2B647-75C9-427F-AE7D-2ABD8B96FE58}
		{913B1807-897D-4709-B154-632FBD5E5733} = {B376B78E-2BB8-4BCE-ABBA-898D614E7A13}
		{5488DD96-12BA-419B-8935-69A9756966C5} = {31B2B647-75C9-427F-AE7D-2ABD8B96FE58}
		{4B208C82-C85E-4B7E-824F-B9F0E265A652} = {B376B78E-2BB8-4BCE-ABBA-898D614E7A13}
		{F6822410-3C84-4F32-9BEB-1466C813253F} = {31B2B647-75C9-427F-AE7D-2ABD8B96FE58}
		{10A3CD0F-F49B-4216-B193-1AD8326E16CA} = {31B2B647-75C9-427F-AE7D-2ABD8B96FE58}
		{8FB520C4-BB64-4A67-8806-D9CA57976A78} = {B376B78E-2BB8-4BCE-ABBA-898D614E7A13}
		{5C813472-04E5-4E0E-88D5-9EE9A4183530} = {31B2B647-75C9-427F-AE7D-2ABD8B96FE58}
		{DBE4F59F-F22B-4E44-B574-6054D3913642} = {3B865427-7F1A-4309-866F-A1ADE2EB547B}
		{E6B70468-1155-42A1-9205-01F2C55385F9} = {DBE4F59F-F22B-4E44-B574-6054D3913642}
		{2438B56B-B175-4FBC-9763-02F18C4FF865} = {E6B70468-1155-42A1-9205-01F2C55385F9}
		{B3844797-FE4E-42FB-A0CC-BC0A101D1CFD} = {DBE4F59F-F22B-4E44-B574-6054D3913642}
		{8B2319E1-95DF-4563-8458-EE3228A24010} = {B3844797-FE4E-42FB-A0CC-BC0A101D1CFD}
		{47EFFB06-8F77-4DE9-AB3E-D80C983F3A76} = {E6B70468-1155-42A1-9205-01F2C55385F9}
		{A763F8D3-3961-409B-AB4F-007AF8B7030D} = {E6B70468-1155-42A1-9205-01F2C55385F9}
		{8154BF0A-F73E-4AD8-8531-0219B4E876D4} = {B3844797-FE4E-42FB-A0CC-BC0A101D1CFD}
		{49965C56-F946-4A1E-BB93-04A246C69292} = {E6B70468-1155-42A1-9205-01F2C55385F9}
		{94ACE85A-1C65-4485-AD08-B886D9D0D7B7} = {B3844797-FE4E-42FB-A0CC-BC0A101D1CFD}
		{EB92C42A-1567-4AE3-A8D8-0BAFCC7E80BB} = {E6B70468-1155-42A1-9205-01F2C55385F9}
		{2DF6B0F2-9D77-4D39-85BA-67DEB5D6D8EA} = {E6B70468-1155-42A1-9205-01F2C55385F9}
		{FF43952C-B6DD-4900-8F00-2452484142DC} = {B3844797-FE4E-42FB-A0CC-BC0A101D1CFD}
		{2503C29D-FA83-4266-8818-A51DA3D874BE} = {3B865427-7F1A-4309-866F-A1ADE2EB547B}
		{8599B4A6-0C3A-4702-ACCB-9AB81F89AA51} = {2503C29D-FA83-4266-8818-A51DA3D874BE}
		{A18FEF42-6ED8-4935-B032-0F4FAD428F56} = {8599B4A6-0C3A-4702-ACCB-9AB81F89AA51}
		{B7FB5D01-0D00-4C96-82BA-78BAFE7AA3E9} = {2503C29D-FA83-4266-8818-A51DA3D874BE}
		{5010D578-0764-4111-91C4-2245F473084E} = {B7FB5D01-0D00-4C96-82BA-78BAFE7AA3E9}
		{636CE50D-1F07-4B93-97B0-1EDFF3EE2DB0} = {8599B4A6-0C3A-4702-ACCB-9AB81F89AA51}
		{074A39AD-F455-48E9-8347-3BB1B53FCE7C} = {8599B4A6-0C3A-4702-ACCB-9AB81F89AA51}
		{E5F32800-15FD-45FB-8926-32B2C1728A78} = {B7FB5D01-0D00-4C96-82BA-78BAFE7AA3E9}
		{0132C86B-D98E-4D6D-B22D-D75476CD7234} = {B7FB5D01-0D00-4C96-82BA-78BAFE7AA3E9}
		{05F99191-4259-4DE4-BA5B-F45DEBE3E0FB} = {8599B4A6-0C3A-4702-ACCB-9AB81F89AA51}
		{9442B646-4353-4822-B0A6-8CF209328F3A} = {B7FB5D01-0D00-4C96-82BA-78BAFE7AA3E9}
		{7A07C489-A244-4340-A089-E29C3DF5D1A6} = {3B865427-7F1A-4309-866F-A1ADE2EB547B}
		{E629A6CE-2467-40DD-B967-2C1D2DAEAB88} = {7A07C489-A244-4340-A089-E29C3DF5D1A6}
		{DCC881B7-4D0A-4E5C-9A0A-5F0930A9FF77} = {E629A6CE-2467-40DD-B967-2C1D2DAEAB88}
		{53BE9331-4667-4D92-A963-C3947E417D39} = {E629A6CE-2467-40DD-B967-2C1D2DAEAB88}
		{F92599E9-7B55-4870-A02B-5AFE0199D133} = {E629A6CE-2467-40DD-B967-2C1D2DAEAB88}
		{4C17D0B5-75E9-4216-91EE-845DF8FEA685} = {7A07C489-A244-4340-A089-E29C3DF5D1A6}
		{657CE2CC-7F5B-4D07-96E3-21EC5638A6FC} = {4C17D0B5-75E9-4216-91EE-845DF8FEA685}
		{B574D862-A4CE-4035-8C7B-077768FE9AA9} = {E629A6CE-2467-40DD-B967-2C1D2DAEAB88}
		{B3665700-AA66-4E94-89F5-E6169DE205A5} = {4C17D0B5-75E9-4216-91EE-845DF8FEA685}
		{F8830CAB-A3C9-49D8-B927-EE5337E4FB34} = {E629A6CE-2467-40DD-B967-2C1D2DAEAB88}
		{9874D23F-5661-4BC2-A59A-ACAC1DF00273} = {4C17D0B5-75E9-4216-91EE-845DF8FEA685}
		{C9411C67-7B84-4C44-B42E-D5CB772FD8A6} = {E629A6CE-2467-40DD-B967-2C1D2DAEAB88}
		{BC7B7BD4-B92E-4125-B5EB-A54E7C9D577A} = {4C17D0B5-75E9-4216-91EE-845DF8FEA685}
		{0400B1C5-B645-4AFC-96D6-A4AAA1BD4A9A} = {E629A6CE-2467-40DD-B967-2C1D2DAEAB88}
		{B3CCFE64-D009-4EA6-941F-39EEEDFF958E} = {4C17D0B5-75E9-4216-91EE-845DF8FEA685}
		{27747FAD-C436-4715-A537-9FEB4C448414} = {E629A6CE-2467-40DD-B967-2C1D2DAEAB88}
		{1D18D551-4603-4824-B052-704037188DE1} = {E629A6CE-2467-40DD-B967-2C1D2DAEAB88}
		{1A40DAB0-89D7-493A-9601-C4B3E3159C3A} = {4C17D0B5-75E9-4216-91EE-845DF8FEA685}
		{B6E3B990-C710-4978-B632-C1AE2072432E} = {E629A6CE-2467-40DD-B967-2C1D2DAEAB88}
		{18AC3A8A-EAEB-4F0D-B63C-98F80201F868} = {4C17D0B5-75E9-4216-91EE-845DF8FEA685}
		{5A2D32F3-2F3D-4272-832A-AA269AD76602} = {3B865427-7F1A-4309-866F-A1ADE2EB547B}
		{156E2BEE-F32C-407A-93C7-099F67320783} = {5A2D32F3-2F3D-4272-832A-AA269AD76602}
		{70DC782F-CA0B-4ED8-BDCD-97B93142DD18} = {156E2BEE-F32C-407A-93C7-099F67320783}
		{029AF096-83ED-4317-B01A-0FFEE73382AA} = {156E2BEE-F32C-407A-93C7-099F67320783}
		{73F61F3D-D02F-4A8C-BB5A-7ADF4D4EFE8F} = {5A2D32F3-2F3D-4272-832A-AA269AD76602}
		{89526BD0-FBD0-4993-A403-06293E8C1CDB} = {73F61F3D-D02F-4A8C-BB5A-7ADF4D4EFE8F}
		{9B27EF91-956D-45EF-B1B4-4E7D18C500A2} = {73F61F3D-D02F-4A8C-BB5A-7ADF4D4EFE8F}
		{F74304F5-65C8-4EE2-B16D-3E2C506E232A} = {3B865427-7F1A-4309-866F-A1ADE2EB547B}
		{328697C9-7948-4607-AB2C-DB9067EC765C} = {F74304F5-65C8-4EE2-B16D-3E2C506E232A}
		{5A32DF36-FAAD-43E1-876A-2868DD1678FD} = {328697C9-7948-4607-AB2C-DB9067EC765C}
		{23D17C7C-F373-49CF-8453-E172F1BA2FAA} = {F74304F5-65C8-4EE2-B16D-3E2C506E232A}
		{53312D5C-3B5A-4381-8869-B62FD3094159} = {23D17C7C-F373-49CF-8453-E172F1BA2FAA}
		{4FD4CD13-81B6-4F14-ABBB-0B4207120D33} = {328697C9-7948-4607-AB2C-DB9067EC765C}
		{5126204F-7CE0-47E1-80B0-7E97DE1FDF86} = {23D17C7C-F373-49CF-8453-E172F1BA2FAA}
		{20346199-581A-4BAB-941B-4C730E6003A8} = {328697C9-7948-4607-AB2C-DB9067EC765C}
		{46E95E67-3910-48AC-A9D0-7244674550ED} = {23D17C7C-F373-49CF-8453-E172F1BA2FAA}
		{A85DF038-1C4C-4EC9-AC7B-95F75BCE82E3} = {3B865427-7F1A-4309-866F-A1ADE2EB547B}
		{811AC9BC-C5C1-483C-B089-673E730181D8} = {A85DF038-1C4C-4EC9-AC7B-95F75BCE82E3}
		{2CC9AA70-549F-4E39-932D-613FD498D5D5} = {811AC9BC-C5C1-483C-B089-673E730181D8}
		{34375D1B-7634-4FAD-BE28-EDCB5BF234B5} = {A85DF038-1C4C-4EC9-AC7B-95F75BCE82E3}
		{8A1619C7-8E7E-4F08-8FC4-0FA7B0C8BA38} = {34375D1B-7634-4FAD-BE28-EDCB5BF234B5}
		{EC4A9F79-0C4B-40EA-B966-BF8744F62FE9} = {811AC9BC-C5C1-483C-B089-673E730181D8}
		{622C656C-7CB7-4D18-82CE-DA9AD09D5A19} = {811AC9BC-C5C1-483C-B089-673E730181D8}
		{1F429BCC-B2FF-4E53-B115-7E5CB559776B} = {811AC9BC-C5C1-483C-B089-673E730181D8}
		{3827C7C5-9006-4444-984F-A7434AC1A952} = {811AC9BC-C5C1-483C-B089-673E730181D8}
		{F56FBFA7-4164-4B8F-9AA3-A4B4D247AE96} = {811AC9BC-C5C1-483C-B089-673E730181D8}
		{B04F8820-ECCE-4A3E-87ED-299A885887B5} = {34375D1B-7634-4FAD-BE28-EDCB5BF234B5}
		{50593018-FBB8-4B85-AB9A-C9EA77E2403D} = {811AC9BC-C5C1-483C-B089-673E730181D8}
		{C0259BF7-6D73-49A6-9A44-AD2DDB28C11A} = {3B865427-7F1A-4309-866F-A1ADE2EB547B}
		{2B9EECD8-AC71-4A11-A837-5C53F51CB21D} = {C0259BF7-6D73-49A6-9A44-AD2DDB28C11A}
		{4E1C982F-4E1D-42DF-9F65-9130CCD932F4} = {2B9EECD8-AC71-4A11-A837-5C53F51CB21D}
		{AAA61B61-79B6-4B41-B46A-9A7EF549EE43} = {C0259BF7-6D73-49A6-9A44-AD2DDB28C11A}
		{B436EB59-2C53-4210-A16D-1CB808B40FD5} = {AAA61B61-79B6-4B41-B46A-9A7EF549EE43}
		{24A43872-244D-4136-83E9-09D534305D91} = {2B9EECD8-AC71-4A11-A837-5C53F51CB21D}
		{14AA8615-966D-44F4-A1D0-1D8929013535} = {AAA61B61-79B6-4B41-B46A-9A7EF549EE43}
		{F860EEBD-149B-4C99-90BB-F2C0BEBF3358} = {AAA61B61-79B6-4B41-B46A-9A7EF549EE43}
		{0AD30D6D-29C3-462A-9490-D2E3906D9DBE} = {2B9EECD8-AC71-4A11-A837-5C53F51CB21D}
		{36E992AD-17FB-4362-8F72-653570D4EDC1} = {2B9EECD8-AC71-4A11-A837-5C53F51CB21D}
		{E4CD60F2-7936-4112-BF0A-E334D4313B7C} = {2B9EECD8-AC71-4A11-A837-5C53F51CB21D}
		{CA2D8F5C-AB0C-4E65-8C02-AD1CE69BA4CB} = {2B9EECD8-AC71-4A11-A837-5C53F51CB21D}
		{1CED2B40-82B2-41BF-972D-02B71262045D} = {AAA61B61-79B6-4B41-B46A-9A7EF549EE43}
		{DF71F5D9-2C07-4A4E-92C1-22F91D4B2445} = {2B9EECD8-AC71-4A11-A837-5C53F51CB21D}
		{6C898ED3-EF98-4D35-8181-2817A4AD312E} = {2B9EECD8-AC71-4A11-A837-5C53F51CB21D}
		{0F50F1E5-9736-4A0F-A0D0-70F23C6EA2A4} = {AAA61B61-79B6-4B41-B46A-9A7EF549EE43}
		{F2F7CD66-850A-4E51-9367-F1006CD4C55A} = {AAA61B61-79B6-4B41-B46A-9A7EF549EE43}
		{C5249EFF-95F5-46CC-84D4-6F890ABB4C34} = {AAA61B61-79B6-4B41-B46A-9A7EF549EE43}
		{9CB42916-7618-4384-9607-5A3D270447C8} = {2B9EECD8-AC71-4A11-A837-5C53F51CB21D}
		{1720AB35-FA1F-4B7A-A1D0-3E6F29150420} = {AAA61B61-79B6-4B41-B46A-9A7EF549EE43}
		{75F720B4-4410-403C-82CA-AB37C79CD5A4} = {AAA61B61-79B6-4B41-B46A-9A7EF549EE43}
		{75997E8E-B2D3-4305-B6C7-C5445FAE7FAE} = {409EE72C-F15A-481E-9735-E398AF9480D0}
		{2FAAC6B9-3F07-42E0-AA38-E1F1EAB4E534} = {75997E8E-B2D3-4305-B6C7-C5445FAE7FAE}
		{B791F4A2-8916-4B34-9923-642B569792B0} = {2FAAC6B9-3F07-42E0-AA38-E1F1EAB4E534}
		{B42FEA31-B926-4118-8F4A-7F25EB772844} = {75997E8E-B2D3-4305-B6C7-C5445FAE7FAE}
		{16DEDF0C-EE9D-4194-9EE0-E3BE2A1D349A} = {B42FEA31-B926-4118-8F4A-7F25EB772844}
		{796308BD-44F3-414E-AF7E-901B8C3B8977} = {2FAAC6B9-3F07-42E0-AA38-E1F1EAB4E534}
		{1CE9516A-775A-4337-9CA5-270806AE586F} = {B42FEA31-B926-4118-8F4A-7F25EB772844}
		{78460092-6296-4AE4-BD89-DA8166F205DC} = {3B865427-7F1A-4309-866F-A1ADE2EB547B}
		{89C93F36-F2CC-48B9-AB3A-E37B2C2C1150} = {78460092-6296-4AE4-BD89-DA8166F205DC}
		{FF9C3B96-A71E-4292-BC66-79724EC079F6} = {89C93F36-F2CC-48B9-AB3A-E37B2C2C1150}
		{3A7AF976-ACA2-4588-AF04-EB0297334326} = {78460092-6296-4AE4-BD89-DA8166F205DC}
		{130AC4A5-D522-4BFF-8A71-78607423A559} = {3A7AF976-ACA2-4588-AF04-EB0297334326}
		{B98ADCD8-F3D8-48EA-8E42-E8EC5DD31E6F} = {89C93F36-F2CC-48B9-AB3A-E37B2C2C1150}
		{C9229AD7-9084-47BF-A858-A114E619F7E8} = {3A7AF976-ACA2-4588-AF04-EB0297334326}
		{DFC50851-115B-4AFA-80CA-A4529EF0B797} = {89C93F36-F2CC-48B9-AB3A-E37B2C2C1150}
		{C68D901B-37FB-47CC-9DB9-E3277AE029DE} = {3A7AF976-ACA2-4588-AF04-EB0297334326}
		{44E566E3-1318-48C6-9257-24FCFB6FDAA1} = {89C93F36-F2CC-48B9-AB3A-E37B2C2C1150}
		{70F0105A-5797-4C1C-88CA-276E150FF0D9} = {3A7AF976-ACA2-4588-AF04-EB0297334326}
		{21145A84-C22E-45AC-940C-5E001FF99A51} = {89C93F36-F2CC-48B9-AB3A-E37B2C2C1150}
		{2EBB378C-08EE-4A43-84EF-43A019135F51} = {3A7AF976-ACA2-4588-AF04-EB0297334326}
		{AB4F07A2-EDA3-4ED8-AB74-58B541A58B3B} = {F535D68D-608D-4344-8876-F04D12658A38}
		{9F46DF1F-D019-4A92-B9E5-43CAEBD6B04A} = {5E2A6F4C-0710-439C-B473-3817C215FD32}
		{91E51707-F70D-45DD-8EF5-0A3E268DDD3E} = {9F46DF1F-D019-4A92-B9E5-43CAEBD6B04A}
		{D62C8675-D919-4063-A77B-EE7737A7C287} = {DBE4F59F-F22B-4E44-B574-6054D3913642}
		{964A0A7D-015D-4F15-B4B5-4510D9A20C7D} = {D62C8675-D919-4063-A77B-EE7737A7C287}
		{A0EACD73-356B-42C6-9C4F-8CB8D40ACB94} = {D62C8675-D919-4063-A77B-EE7737A7C287}
		{E1B780D9-0C41-4770-9C59-4DAF2BB0FEB9} = {D62C8675-D919-4063-A77B-EE7737A7C287}
		{5DD6E33B-9857-4905-9637-A4E3FA7D8E49} = {A85DF038-1C4C-4EC9-AC7B-95F75BCE82E3}
		{3C3D2CC9-3342-4A12-8C21-D277934971B6} = {5DD6E33B-9857-4905-9637-A4E3FA7D8E49}
	EndGlobalSection
EndGlobal
